// !$*UTF8*$!
{
	archiveVersion = 1;
	classes = {
	};
	objectVersion = 77;
	objects = {

/* Begin PBXBuildFile section */
		81E090C22FCB12E400FC901A /* Python.xcframework in Embed Frameworks */ = {isa = PBXBuildFile; fileRef = 81E090C02FCB12E400FC901A /* Python.xcframework */; settings = {ATTRIBUTES = (CodeSignOnCopy, RemoveHeadersOnCopy, ); }; };
		AA00000F00000000000000FA /* UpmarketQuickAction.appex in Embed App Extensions */ = {isa = PBXBuildFile; fileRef = AA000003000000000000003A /* UpmarketQuickAction.appex */; settings = {ATTRIBUTES = (RemoveHeadersOnCopy, ); }; };
		BB000001000000000000001B /* UpmarketRuntimeHelper in Embed Runtime Helper */ = {isa = PBXBuildFile; fileRef = BB000002000000000000002B /* UpmarketRuntimeHelper */; settings = {ATTRIBUTES = (CodeSignOnCopy, ); }; };
		BB000003000000000000003B /* PythonKit in Frameworks */ = {isa = PBXBuildFile; productRef = 81A3B75C2FCB1073004A488D /* PythonKit */; };
		BB000004000000000000004B /* Python.xcframework in Frameworks */ = {isa = PBXBuildFile; fileRef = 81E090C02FCB12E400FC901A /* Python.xcframework */; };
/* End PBXBuildFile section */

/* Begin PBXContainerItemProxy section */
		81A3B7392FCB0F91004A488D /* PBXContainerItemProxy */ = {
			isa = PBXContainerItemProxy;
			containerPortal = 81A3B7232FCB0F91004A488D /* Project object */;
			proxyType = 1;
			remoteGlobalIDString = 81A3B72A2FCB0F91004A488D;
			remoteInfo = Upmarket;
		};
		81A3B7432FCB0F91004A488D /* PBXContainerItemProxy */ = {
			isa = PBXContainerItemProxy;
			containerPortal = 81A3B7232FCB0F91004A488D /* Project object */;
			proxyType = 1;
			remoteGlobalIDString = 81A3B72A2FCB0F91004A488D;
			remoteInfo = Upmarket;
		};
		AA00000B00000000000000BA /* PBXContainerItemProxy */ = {
			isa = PBXContainerItemProxy;
			containerPortal = 81A3B7232FCB0F91004A488D /* Project object */;
			proxyType = 1;
			remoteGlobalIDString = AA000004000000000000004A;
			remoteInfo = UpmarketQuickAction;
		};
		BB000005000000000000005B /* PBXContainerItemProxy */ = {
			isa = PBXContainerItemProxy;
			containerPortal = 81A3B7232FCB0F91004A488D /* Project object */;
			proxyType = 1;
			remoteGlobalIDString = BB000006000000000000006B;
			remoteInfo = UpmarketRuntimeHelper;
		};
/* End PBXContainerItemProxy section */

/* Begin PBXCopyFilesBuildPhase section */
		81E090C32FCB12E400FC901A /* Embed Frameworks */ = {
			isa = PBXCopyFilesBuildPhase;
			buildActionMask = 2147483647;
			dstPath = "";
			dstSubfolderSpec = 10;
			files = (
				81E090C22FCB12E400FC901A /* Python.xcframework in Embed Frameworks */,
			);
			name = "Embed Frameworks";
			runOnlyForDeploymentPostprocessing = 0;
		};
		AA00000E00000000000000EA /* Embed App Extensions */ = {
			isa = PBXCopyFilesBuildPhase;
			buildActionMask = 2147483647;
			dstPath = "";
			dstSubfolderSpec = 13;
			files = (
				AA00000F00000000000000FA /* UpmarketQuickAction.appex in Embed App Extensions */,
			);
			name = "Embed App Extensions";
			runOnlyForDeploymentPostprocessing = 0;
		};
		BB000007000000000000007B /* Embed Runtime Helper */ = {
			isa = PBXCopyFilesBuildPhase;
			buildActionMask = 2147483647;
			dstPath = "";
			dstSubfolderSpec = 6;
			files = (
				BB000001000000000000001B /* UpmarketRuntimeHelper in Embed Runtime Helper */,
			);
			name = "Embed Runtime Helper";
			runOnlyForDeploymentPostprocessing = 0;
		};
/* End PBXCopyFilesBuildPhase section */

/* Begin PBXFileReference section */
		81A3B72B2FCB0F91004A488D /* Upmarket.app */ = {isa = PBXFileReference; explicitFileType = wrapper.application; includeInIndex = 0; path = Upmarket.app; sourceTree = BUILT_PRODUCTS_DIR; };
		81A3B7382FCB0F91004A488D /* UpmarketTests.xctest */ = {isa = PBXFileReference; explicitFileType = wrapper.cfbundle; includeInIndex = 0; path = UpmarketTests.xctest; sourceTree = BUILT_PRODUCTS_DIR; };
		81A3B7422FCB0F91004A488D /* UpmarketUITests.xctest */ = {isa = PBXFileReference; explicitFileType = wrapper.cfbundle; includeInIndex = 0; path = UpmarketUITests.xctest; sourceTree = BUILT_PRODUCTS_DIR; };
		81E090C02FCB12E400FC901A /* Python.xcframework */ = {isa = PBXFileReference; lastKnownFileType = wrapper.xcframework; name = Python.xcframework; path = Python/Python.xcframework; sourceTree = "<group>"; };
		AA000003000000000000003A /* UpmarketQuickAction.appex */ = {isa = PBXFileReference; explicitFileType = "wrapper.app-extension"; includeInIndex = 0; path = UpmarketQuickAction.appex; sourceTree = BUILT_PRODUCTS_DIR; };
		BB000002000000000000002B /* UpmarketRuntimeHelper */ = {isa = PBXFileReference; explicitFileType = "compiled.mach-o.executable"; includeInIndex = 0; path = UpmarketRuntimeHelper; sourceTree = BUILT_PRODUCTS_DIR; };
/* End PBXFileReference section */

/* Begin PBXFileSystemSynchronizedBuildFileExceptionSet section */
		AA000010000000000000010A /* Exceptions for "Upmarket" folder in "Upmarket" target */ = {
			isa = PBXFileSystemSynchronizedBuildFileExceptionSet;
			membershipExceptions = (
				Info.plist,
			);
			target = 81A3B72A2FCB0F91004A488D /* Upmarket */;
		};
/* End PBXFileSystemSynchronizedBuildFileExceptionSet section */

/* Begin PBXFileSystemSynchronizedRootGroup section */
		81A3B72D2FCB0F91004A488D /* Upmarket */ = {
			isa = PBXFileSystemSynchronizedRootGroup;
			exceptions = (
				AA000010000000000000010A /* Exceptions for "Upmarket" folder in "Upmarket" target */,
			);
			path = Upmarket;
			sourceTree = "<group>";
		};
		81A3B73B2FCB0F91004A488D /* UpmarketTests */ = {
			isa = PBXFileSystemSynchronizedRootGroup;
			path = UpmarketTests;
			sourceTree = "<group>";
		};
		81A3B7452FCB0F91004A488D /* UpmarketUITests */ = {
			isa = PBXFileSystemSynchronizedRootGroup;
			path = UpmarketUITests;
			sourceTree = "<group>";
		};
		AA00000D00000000000000DA /* UpmarketQuickAction */ = {
			isa = PBXFileSystemSynchronizedRootGroup;
			path = UpmarketQuickAction;
			sourceTree = "<group>";
		};
		BB000008000000000000008B /* UpmarketRuntimeHelper */ = {
			isa = PBXFileSystemSynchronizedRootGroup;
			path = UpmarketRuntimeHelper;
			sourceTree = "<group>";
		};
/* End PBXFileSystemSynchronizedRootGroup section */

/* Begin PBXFrameworksBuildPhase section */
		81A3B7282FCB0F91004A488D /* Frameworks */ = {
			isa = PBXFrameworksBuildPhase;
			buildActionMask = 2147483647;
			files = (
			);
			runOnlyForDeploymentPostprocessing = 0;
		};
		81A3B7352FCB0F91004A488D /* Frameworks */ = {
			isa = PBXFrameworksBuildPhase;
			buildActionMask = 2147483647;
			files = (
			);
			runOnlyForDeploymentPostprocessing = 0;
		};
		81A3B73F2FCB0F91004A488D /* Frameworks */ = {
			isa = PBXFrameworksBuildPhase;
			buildActionMask = 2147483647;
			files = (
			);
			runOnlyForDeploymentPostprocessing = 0;
		};
		AA000007000000000000007A /* Frameworks */ = {
			isa = PBXFrameworksBuildPhase;
			buildActionMask = 2147483647;
			files = (
			);
			runOnlyForDeploymentPostprocessing = 0;
		};
		BB000009000000000000009B /* Frameworks */ = {
			isa = PBXFrameworksBuildPhase;
			buildActionMask = 2147483647;
			files = (
				BB000003000000000000003B /* PythonKit in Frameworks */,
				BB000004000000000000004B /* Python.xcframework in Frameworks */,
			);
			runOnlyForDeploymentPostprocessing = 0;
		};
/* End PBXFrameworksBuildPhase section */

/* Begin PBXGroup section */
		81A3B7222FCB0F91004A488D = {
			isa = PBXGroup;
			children = (
				81A3B72D2FCB0F91004A488D /* Upmarket */,
				AA00000D00000000000000DA /* UpmarketQuickAction */,
				BB000008000000000000008B /* UpmarketRuntimeHelper */,
				81A3B73B2FCB0F91004A488D /* UpmarketTests */,
				81A3B7452FCB0F91004A488D /* UpmarketUITests */,
				81A3B75E2FCB116B004A488D /* Frameworks */,
				81A3B72C2FCB0F91004A488D /* Products */,
			);
			sourceTree = "<group>";
		};
		81A3B72C2FCB0F91004A488D /* Products */ = {
			isa = PBXGroup;
			children = (
				81A3B72B2FCB0F91004A488D /* Upmarket.app */,
				BB000002000000000000002B /* UpmarketRuntimeHelper */,
				AA000003000000000000003A /* UpmarketQuickAction.appex */,
				81A3B7382FCB0F91004A488D /* UpmarketTests.xctest */,
				81A3B7422FCB0F91004A488D /* UpmarketUITests.xctest */,
			);
			name = Products;
			sourceTree = "<group>";
		};
		81A3B75E2FCB116B004A488D /* Frameworks */ = {
			isa = PBXGroup;
			children = (
				81E090C02FCB12E400FC901A /* Python.xcframework */,
			);
			name = Frameworks;
			sourceTree = "<group>";
		};
/* End PBXGroup section */

/* Begin PBXNativeTarget section */
		81A3B72A2FCB0F91004A488D /* Upmarket */ = {
			isa = PBXNativeTarget;
			buildConfigurationList = 81A3B74C2FCB0F91004A488D /* Build configuration list for PBXNativeTarget "Upmarket" */;
			buildPhases = (
				81A3B7272FCB0F91004A488D /* Sources */,
				81A3B7282FCB0F91004A488D /* Frameworks */,
				81A3B7292FCB0F91004A488D /* Resources */,
				81E090C32FCB12E400FC901A /* Embed Frameworks */,
				CC000001000000000000001C /* Sync Python Bridge */,
				AA00000E00000000000000EA /* Embed App Extensions */,
				BB000007000000000000007B /* Embed Runtime Helper */,
				CC000002000000000000002C /* Validate App Package */,
			);
			buildRules = (
			);
			dependencies = (
				AA00000C00000000000000CA /* PBXTargetDependency */,
				BB00000C00000000000000CB /* PBXTargetDependency */,
			);
			fileSystemSynchronizedGroups = (
				81A3B72D2FCB0F91004A488D /* Upmarket */,
			);
			name = Upmarket;
			packageProductDependencies = (
			);
			productName = Upmarket;
			productReference = 81A3B72B2FCB0F91004A488D /* Upmarket.app */;
			productType = "com.apple.product-type.application";
		};
		81A3B7372FCB0F91004A488D /* UpmarketTests */ = {
			isa = PBXNativeTarget;
			buildConfigurationList = 81A3B74F2FCB0F91004A488D /* Build configuration list for PBXNativeTarget "UpmarketTests" */;
			buildPhases = (
				81A3B7342FCB0F91004A488D /* Sources */,
				81A3B7352FCB0F91004A488D /* Frameworks */,
				81A3B7362FCB0F91004A488D /* Resources */,
			);
			buildRules = (
			);
			dependencies = (
				81A3B73A2FCB0F91004A488D /* PBXTargetDependency */,
			);
			fileSystemSynchronizedGroups = (
				81A3B73B2FCB0F91004A488D /* UpmarketTests */,
			);
			name = UpmarketTests;
			packageProductDependencies = (
			);
			productName = UpmarketTests;
			productReference = 81A3B7382FCB0F91004A488D /* UpmarketTests.xctest */;
			productType = "com.apple.product-type.bundle.unit-test";
		};
		81A3B7412FCB0F91004A488D /* UpmarketUITests */ = {
			isa = PBXNativeTarget;
			buildConfigurationList = 81A3B7522FCB0F91004A488D /* Build configuration list for PBXNativeTarget "UpmarketUITests" */;
			buildPhases = (
				81A3B73E2FCB0F91004A488D /* Sources */,
				81A3B73F2FCB0F91004A488D /* Frameworks */,
				81A3B7402FCB0F91004A488D /* Resources */,
			);
			buildRules = (
			);
			dependencies = (
				81A3B7442FCB0F91004A488D /* PBXTargetDependency */,
			);
			fileSystemSynchronizedGroups = (
				81A3B7452FCB0F91004A488D /* UpmarketUITests */,
			);
			name = UpmarketUITests;
			packageProductDependencies = (
			);
			productName = UpmarketUITests;
			productReference = 81A3B7422FCB0F91004A488D /* UpmarketUITests.xctest */;
			productType = "com.apple.product-type.bundle.ui-testing";
		};
		AA000004000000000000004A /* UpmarketQuickAction */ = {
			isa = PBXNativeTarget;
			buildConfigurationList = AA00000A00000000000000AA /* Build configuration list for PBXNativeTarget "UpmarketQuickAction" */;
			buildPhases = (
				AA000005000000000000005A /* Sources */,
				AA000006000000000000006A /* Resources */,
				AA000007000000000000007A /* Frameworks */,
			);
			buildRules = (
			);
			dependencies = (
			);
			fileSystemSynchronizedGroups = (
				AA00000D00000000000000DA /* UpmarketQuickAction */,
			);
			name = UpmarketQuickAction;
			productName = UpmarketQuickAction;
			productReference = AA000003000000000000003A /* UpmarketQuickAction.appex */;
			productType = "com.apple.product-type.app-extension";
		};
		BB000006000000000000006B /* UpmarketRuntimeHelper */ = {
			isa = PBXNativeTarget;
			buildConfigurationList = BB00000A00000000000000AB /* Build configuration list for PBXNativeTarget "UpmarketRuntimeHelper" */;
			buildPhases = (
				BB00000D00000000000000DB /* Sources */,
				BB000009000000000000009B /* Frameworks */,
			);
			buildRules = (
			);
			dependencies = (
			);
			fileSystemSynchronizedGroups = (
				BB000008000000000000008B /* UpmarketRuntimeHelper */,
			);
			name = UpmarketRuntimeHelper;
			packageProductDependencies = (
				81A3B75C2FCB1073004A488D /* PythonKit */,
			);
			productName = UpmarketRuntimeHelper;
			productReference = BB000002000000000000002B /* UpmarketRuntimeHelper */;
			productType = "com.apple.product-type.tool";
		};
/* End PBXNativeTarget section */

/* Begin PBXProject section */
		81A3B7232FCB0F91004A488D /* Project object */ = {
			isa = PBXProject;
			attributes = {
				BuildIndependentTargetsInParallel = 1;
				LastSwiftUpdateCheck = 2650;
				LastUpgradeCheck = 2650;
				TargetAttributes = {
					81A3B72A2FCB0F91004A488D = {
						CreatedOnToolsVersion = 26.5;
					};
					81A3B7372FCB0F91004A488D = {
						CreatedOnToolsVersion = 26.5;
						TestTargetID = 81A3B72A2FCB0F91004A488D;
					};
					81A3B7412FCB0F91004A488D = {
						CreatedOnToolsVersion = 26.5;
						TestTargetID = 81A3B72A2FCB0F91004A488D;
					};
					BB000006000000000000006B = {
						CreatedOnToolsVersion = 26.5;
					};
				};
			};
			buildConfigurationList = 81A3B7262FCB0F91004A488D /* Build configuration list for PBXProject "Upmarket" */;
			developmentRegion = en;
			hasScannedForEncodings = 0;
			knownRegions = (
				en,
				Base,
				de,
				ja,
				it,
				"pt-BR",
				ko,
				fr,
				es,
				"zh-Hans",
			);
			mainGroup = 81A3B7222FCB0F91004A488D;
			minimizedProjectReferenceProxies = 1;
			packageReferences = (
				81A3B75B2FCB1073004A488D /* XCLocalSwiftPackageReference "Vendor/PythonKit" */,
			);
			preferredProjectObjectVersion = 77;
			productRefGroup = 81A3B72C2FCB0F91004A488D /* Products */;
			projectDirPath = "";
			projectRoot = "";
			targets = (
				81A3B72A2FCB0F91004A488D /* Upmarket */,
				AA000004000000000000004A /* UpmarketQuickAction */,
				BB000006000000000000006B /* UpmarketRuntimeHelper */,
				81A3B7372FCB0F91004A488D /* UpmarketTests */,
				81A3B7412FCB0F91004A488D /* UpmarketUITests */,
			);
		};
/* End PBXProject section */

/* Begin PBXResourcesBuildPhase section */
		81A3B7292FCB0F91004A488D /* Resources */ = {
			isa = PBXResourcesBuildPhase;
			buildActionMask = 2147483647;
			files = (
			);
			runOnlyForDeploymentPostprocessing = 0;
		};
		81A3B7362FCB0F91004A488D /* Resources */ = {
			isa = PBXResourcesBuildPhase;
			buildActionMask = 2147483647;
			files = (
			);
			runOnlyForDeploymentPostprocessing = 0;
		};
		81A3B7402FCB0F91004A488D /* Resources */ = {
			isa = PBXResourcesBuildPhase;
			buildActionMask = 2147483647;
			files = (
			);
			runOnlyForDeploymentPostprocessing = 0;
		};
		AA000006000000000000006A /* Resources */ = {
			isa = PBXResourcesBuildPhase;
			buildActionMask = 2147483647;
			files = (
			);
			runOnlyForDeploymentPostprocessing = 0;
		};
/* End PBXResourcesBuildPhase section */

/* Begin PBXShellScriptBuildPhase section */
		CC000001000000000000001C /* Sync Python Bridge */ = {
			isa = PBXShellScriptBuildPhase;
			alwaysOutOfDate = 1;
			buildActionMask = 2147483647;
			files = (
			);
			inputPaths = (
				"$(SRCROOT)/../scripts/ci/sync_and_verify_python_bridge.sh",
				"$(SRCROOT)/../scripts/ci/sync_python_bridge.sh",
				"$(SRCROOT)/../UpmarketPython/docling_bridge",
				"$(SRCROOT)/../UpmarketPython/models",
			);
			name = "Sync Python Bridge";
			outputPaths = (
				"$(TARGET_BUILD_DIR)/$(FRAMEWORKS_FOLDER_PATH)/Python.framework/Versions/3.12/lib/python3.12/site-packages/docling_bridge",
				"$(TARGET_BUILD_DIR)/$(FRAMEWORKS_FOLDER_PATH)/Python.framework/Versions/3.12/lib/python3.12/site-packages/docling_bridge/__init__.py",
				"$(TARGET_BUILD_DIR)/$(FRAMEWORKS_FOLDER_PATH)/Python.framework/Versions/3.12/lib/python3.12/site-packages/docling_bridge/analyser.py",
				"$(TARGET_BUILD_DIR)/$(FRAMEWORKS_FOLDER_PATH)/Python.framework/Versions/3.12/lib/python3.12/site-packages/docling_bridge/converter.py",
				"$(TARGET_BUILD_DIR)/$(FRAMEWORKS_FOLDER_PATH)/Python.framework/Versions/3.12/lib/python3.12/site-packages/docling_bridge/postprocessor.py",
				"$(TARGET_BUILD_DIR)/$(FRAMEWORKS_FOLDER_PATH)/Python.framework/Versions/3.12/lib/python3.12/site-packages/docling_bridge/security.py",
				"$(TARGET_BUILD_DIR)/$(FRAMEWORKS_FOLDER_PATH)/Python.framework/Versions/3.12/lib/python3.12/site-packages/upmarket_models",
				"$(TARGET_BUILD_DIR)/$(FRAMEWORKS_FOLDER_PATH)/Python.framework/Versions/3.12/lib/python3.12/site-packages/upmarket_models/__init__.py",
				"$(TARGET_BUILD_DIR)/$(FRAMEWORKS_FOLDER_PATH)/Python.framework/Versions/3.12/lib/python3.12/site-packages/upmarket_models/model_manager.py",
			);
			runOnlyForDeploymentPostprocessing = 0;
			shellPath = /bin/sh;
			shellScript = "cd \"$SRCROOT/..\"\nSITE=\"$TARGET_BUILD_DIR/$FRAMEWORKS_FOLDER_PATH/Python.framework/Versions/3.12/lib/python3.12/site-packages\"\nscripts/ci/sync_and_verify_python_bridge.sh \"$SITE\"\n";
		};
		CC000002000000000000002C /* Validate App Package */ = {
			isa = PBXShellScriptBuildPhase;
			alwaysOutOfDate = 1;
			buildActionMask = 2147483647;
			files = (
			);
			inputPaths = (
				"$(SRCROOT)/../scripts/ci/verify_entitlements.sh",
				"$(SRCROOT)/../scripts/ci/validate_runtime_helper.py",
				"$(SRCROOT)/Upmarket.xcodeproj/project.pbxproj",
				"$(SRCROOT)/Upmarket/Upmarket.entitlements",
				"$(SRCROOT)/UpmarketQuickActionSupport/UpmarketQuickAction.entitlements",
				"$(SRCROOT)/UpmarketRuntimeHelper/UpmarketRuntimeHelper.entitlements",
				"$(SRCROOT)/UpmarketRuntimeHelper/main.swift",
				"$(SRCROOT)/Vendor/PythonKit/UPMARKET_VENDOR.md",
				"$(TARGET_BUILD_DIR)/$(WRAPPER_NAME)",
				"$(TARGET_BUILD_DIR)/$(WRAPPER_NAME)/Contents/MacOS/UpmarketRuntimeHelper",
			);
			name = "Validate App Package";
			outputPaths = (
				"$(TARGET_TEMP_DIR)/upmarket-entitlements.plist",
				"$(TARGET_TEMP_DIR)/upmarket-helper-entitlements.plist",
			);
			runOnlyForDeploymentPostprocessing = 0;
			shellPath = /bin/sh;
			shellScript = "cd \"$SRCROOT/..\"\nAPP=\"$TARGET_BUILD_DIR/$WRAPPER_NAME\"\nscripts/ci/verify_entitlements.sh \"$APP\"\nscripts/ci/validate_runtime_helper.py \"$APP\"\n";
		};
/* End PBXShellScriptBuildPhase section */

/* Begin PBXSourcesBuildPhase section */
		81A3B7272FCB0F91004A488D /* Sources */ = {
			isa = PBXSourcesBuildPhase;
			buildActionMask = 2147483647;
			files = (
			);
			runOnlyForDeploymentPostprocessing = 0;
		};
		81A3B7342FCB0F91004A488D /* Sources */ = {
			isa = PBXSourcesBuildPhase;
			buildActionMask = 2147483647;
			files = (
			);
			runOnlyForDeploymentPostprocessing = 0;
		};
		81A3B73E2FCB0F91004A488D /* Sources */ = {
			isa = PBXSourcesBuildPhase;
			buildActionMask = 2147483647;
			files = (
			);
			runOnlyForDeploymentPostprocessing = 0;
		};
		AA000005000000000000005A /* Sources */ = {
			isa = PBXSourcesBuildPhase;
			buildActionMask = 2147483647;
			files = (
			);
			runOnlyForDeploymentPostprocessing = 0;
		};
		BB00000D00000000000000DB /* Sources */ = {
			isa = PBXSourcesBuildPhase;
			buildActionMask = 2147483647;
			files = (
			);
			runOnlyForDeploymentPostprocessing = 0;
		};
/* End PBXSourcesBuildPhase section */

/* Begin PBXTargetDependency section */
		81A3B73A2FCB0F91004A488D /* PBXTargetDependency */ = {
			isa = PBXTargetDependency;
			target = 81A3B72A2FCB0F91004A488D /* Upmarket */;
			targetProxy = 81A3B7392FCB0F91004A488D /* PBXContainerItemProxy */;
		};
		81A3B7442FCB0F91004A488D /* PBXTargetDependency */ = {
			isa = PBXTargetDependency;
			target = 81A3B72A2FCB0F91004A488D /* Upmarket */;
			targetProxy = 81A3B7432FCB0F91004A488D /* PBXContainerItemProxy */;
		};
		AA00000C00000000000000CA /* PBXTargetDependency */ = {
			isa = PBXTargetDependency;
			target = AA000004000000000000004A /* UpmarketQuickAction */;
			targetProxy = AA00000B00000000000000BA /* PBXContainerItemProxy */;
		};
		BB00000C00000000000000CB /* PBXTargetDependency */ = {
			isa = PBXTargetDependency;
			target = BB000006000000000000006B /* UpmarketRuntimeHelper */;
			targetProxy = BB000005000000000000005B /* PBXContainerItemProxy */;
		};
/* End PBXTargetDependency section */

/* Begin XCBuildConfiguration section */
		81A3B74A2FCB0F91004A488D /* Debug */ = {
			isa = XCBuildConfiguration;
			buildSettings = {
				ALWAYS_SEARCH_USER_PATHS = NO;
				ASSETCATALOG_COMPILER_GENERATE_SWIFT_ASSET_SYMBOL_EXTENSIONS = YES;
				CLANG_ANALYZER_NONNULL = YES;
				CLANG_ANALYZER_NUMBER_OBJECT_CONVERSION = YES_AGGRESSIVE;
				CLANG_CXX_LANGUAGE_STANDARD = "gnu++20";
				CLANG_ENABLE_MODULES = YES;
				CLANG_ENABLE_OBJC_ARC = YES;
				CLANG_ENABLE_OBJC_WEAK = YES;
				CLANG_WARN_BLOCK_CAPTURE_AUTORELEASING = YES;
				CLANG_WARN_BOOL_CONVERSION = YES;
				CLANG_WARN_COMMA = YES;
				CLANG_WARN_CONSTANT_CONVERSION = YES;
				CLANG_WARN_DEPRECATED_OBJC_IMPLEMENTATIONS = YES;
				CLANG_WARN_DIRECT_OBJC_ISA_USAGE = YES_ERROR;
				CLANG_WARN_DOCUMENTATION_COMMENTS = YES;
				CLANG_WARN_EMPTY_BODY = YES;
				CLANG_WARN_ENUM_CONVERSION = YES;
				CLANG_WARN_INFINITE_RECURSION = YES;
				CLANG_WARN_INT_CONVERSION = YES;
				CLANG_WARN_NON_LITERAL_NULL_CONVERSION = YES;
				CLANG_WARN_OBJC_IMPLICIT_RETAIN_SELF = YES;
				CLANG_WARN_OBJC_LITERAL_CONVERSION = YES;
				CLANG_WARN_OBJC_ROOT_CLASS = YES_ERROR;
				CLANG_WARN_QUOTED_INCLUDE_IN_FRAMEWORK_HEADER = YES;
				CLANG_WARN_RANGE_LOOP_ANALYSIS = YES;
				CLANG_WARN_STRICT_PROTOTYPES = YES;
				CLANG_WARN_SUSPICIOUS_MOVE = YES;
				CLANG_WARN_UNGUARDED_AVAILABILITY = YES_AGGRESSIVE;
				CLANG_WARN_UNREACHABLE_CODE = YES;
				CLANG_WARN__DUPLICATE_METHOD_MATCH = YES;
				COPY_PHASE_STRIP = NO;
				DEBUG_INFORMATION_FORMAT = dwarf;
				ENABLE_STRICT_OBJC_MSGSEND = YES;
				ENABLE_TESTABILITY = YES;
				ENABLE_USER_SCRIPT_SANDBOXING = YES;
				GCC_C_LANGUAGE_STANDARD = gnu17;
				GCC_DYNAMIC_NO_PIC = NO;
				GCC_NO_COMMON_BLOCKS = YES;
				GCC_OPTIMIZATION_LEVEL = 0;
				GCC_PREPROCESSOR_DEFINITIONS = (
					"DEBUG=1",
					"$(inherited)",
				);
				GCC_WARN_64_TO_32_BIT_CONVERSION = YES;
				GCC_WARN_ABOUT_RETURN_TYPE = YES_ERROR;
				GCC_WARN_UNDECLARED_SELECTOR = YES;
				GCC_WARN_UNINITIALIZED_AUTOS = YES_AGGRESSIVE;
				GCC_WARN_UNUSED_FUNCTION = YES;
				GCC_WARN_UNUSED_VARIABLE = YES;
				LOCALIZATION_PREFERS_STRING_CATALOGS = YES;
				MACOSX_DEPLOYMENT_TARGET = 13.3;
				MTL_ENABLE_DEBUG_INFO = INCLUDE_SOURCE;
				MTL_FAST_MATH = YES;
				ONLY_ACTIVE_ARCH = YES;
				SDKROOT = macosx;
				SWIFT_ACTIVE_COMPILATION_CONDITIONS = "DEBUG $(inherited)";
				SWIFT_OPTIMIZATION_LEVEL = "-Onone";
			};
			name = Debug;
		};
		81A3B74B2FCB0F91004A488D /* Release */ = {
			isa = XCBuildConfiguration;
			buildSettings = {
				ALWAYS_SEARCH_USER_PATHS = NO;
				ASSETCATALOG_COMPILER_GENERATE_SWIFT_ASSET_SYMBOL_EXTENSIONS = YES;
				CLANG_ANALYZER_NONNULL = YES;
				CLANG_ANALYZER_NUMBER_OBJECT_CONVERSION = YES_AGGRESSIVE;
				CLANG_CXX_LANGUAGE_STANDARD = "gnu++20";
				CLANG_ENABLE_MODULES = YES;
				CLANG_ENABLE_OBJC_ARC = YES;
				CLANG_ENABLE_OBJC_WEAK = YES;
				CLANG_WARN_BLOCK_CAPTURE_AUTORELEASING = YES;
				CLANG_WARN_BOOL_CONVERSION = YES;
				CLANG_WARN_COMMA = YES;
				CLANG_WARN_CONSTANT_CONVERSION = YES;
				CLANG_WARN_DEPRECATED_OBJC_IMPLEMENTATIONS = YES;
				CLANG_WARN_DIRECT_OBJC_ISA_USAGE = YES_ERROR;
				CLANG_WARN_DOCUMENTATION_COMMENTS = YES;
				CLANG_WARN_EMPTY_BODY = YES;
				CLANG_WARN_ENUM_CONVERSION = YES;
				CLANG_WARN_INFINITE_RECURSION = YES;
				CLANG_WARN_INT_CONVERSION = YES;
				CLANG_WARN_NON_LITERAL_NULL_CONVERSION = YES;
				CLANG_WARN_OBJC_IMPLICIT_RETAIN_SELF = YES;
				CLANG_WARN_OBJC_LITERAL_CONVERSION = YES;
				CLANG_WARN_OBJC_ROOT_CLASS = YES_ERROR;
				CLANG_WARN_QUOTED_INCLUDE_IN_FRAMEWORK_HEADER = YES;
				CLANG_WARN_RANGE_LOOP_ANALYSIS = YES;
				CLANG_WARN_STRICT_PROTOTYPES = YES;
				CLANG_WARN_SUSPICIOUS_MOVE = YES;
				CLANG_WARN_UNGUARDED_AVAILABILITY = YES_AGGRESSIVE;
				CLANG_WARN_UNREACHABLE_CODE = YES;
				CLANG_WARN__DUPLICATE_METHOD_MATCH = YES;
				COPY_PHASE_STRIP = NO;
				DEBUG_INFORMATION_FORMAT = "dwarf-with-dsym";
				ENABLE_NS_ASSERTIONS = NO;
				ENABLE_STRICT_OBJC_MSGSEND = YES;
				ENABLE_USER_SCRIPT_SANDBOXING = YES;
				GCC_C_LANGUAGE_STANDARD = gnu17;
				GCC_NO_COMMON_BLOCKS = YES;
				GCC_WARN_64_TO_32_BIT_CONVERSION = YES;
				GCC_WARN_ABOUT_RETURN_TYPE = YES_ERROR;
				GCC_WARN_UNDECLARED_SELECTOR = YES;
				GCC_WARN_UNINITIALIZED_AUTOS = YES_AGGRESSIVE;
				GCC_WARN_UNUSED_FUNCTION = YES;
				GCC_WARN_UNUSED_VARIABLE = YES;
				LOCALIZATION_PREFERS_STRING_CATALOGS = YES;
				MACOSX_DEPLOYMENT_TARGET = 13.3;
				MTL_ENABLE_DEBUG_INFO = NO;
				MTL_FAST_MATH = YES;
				SDKROOT = macosx;
				SWIFT_COMPILATION_MODE = wholemodule;
			};
			name = Release;
		};
		81A3B74D2FCB0F91004A488D /* Debug */ = {
			isa = XCBuildConfiguration;
			buildSettings = {
				ASSETCATALOG_COMPILER_APPICON_NAME = AppIcon;
				ASSETCATALOG_COMPILER_GLOBAL_ACCENT_COLOR_NAME = AccentColor;
				CODE_SIGN_ENTITLEMENTS = Upmarket/Upmarket.entitlements;
				CODE_SIGN_STYLE = Automatic;
				COMBINE_HIDPI_IMAGES = YES;
				CURRENT_PROJECT_VERSION = 1;
				ENABLE_APP_SANDBOX = YES;
				ENABLE_INCOMING_NETWORK_CONNECTIONS = NO;
				ENABLE_OUTGOING_NETWORK_CONNECTIONS = YES;
				ENABLE_PREVIEWS = YES;
				ENABLE_RESOURCE_ACCESS_AUDIO_INPUT = NO;
				ENABLE_RESOURCE_ACCESS_BLUETOOTH = NO;
				ENABLE_RESOURCE_ACCESS_CALENDARS = NO;
				ENABLE_RESOURCE_ACCESS_CAMERA = NO;
				ENABLE_RESOURCE_ACCESS_CONTACTS = NO;
				ENABLE_RESOURCE_ACCESS_LOCATION = NO;
				ENABLE_RESOURCE_ACCESS_PRINTING = NO;
				ENABLE_RESOURCE_ACCESS_USB = NO;
				ENABLE_USER_SELECTED_FILES = readonly;
				EXCLUDED_SOURCE_FILE_NAMES = Info.plist;
				GENERATE_INFOPLIST_FILE = NO;
				INFOPLIST_FILE = Upmarket/Info.plist;
				LD_RUNPATH_SEARCH_PATHS = (
					"$(inherited)",
					"@executable_path/../Frameworks",
				);
				MACOSX_DEPLOYMENT_TARGET = 13.3;
				MARKETING_VERSION = 1.0;
				PRODUCT_BUNDLE_IDENTIFIER = com.upmarket.app;
				PRODUCT_NAME = "$(TARGET_NAME)";
				REGISTER_APP_GROUPS = YES;
				STRING_CATALOG_GENERATE_SYMBOLS = YES;
				SWIFT_APPROACHABLE_CONCURRENCY = YES;
				SWIFT_DEFAULT_ACTOR_ISOLATION = MainActor;
				SWIFT_EMIT_LOC_STRINGS = YES;
				SWIFT_UPCOMING_FEATURE_MEMBER_IMPORT_VISIBILITY = YES;
				SWIFT_VERSION = 5.0;
			};
			name = Debug;
		};
		81A3B74E2FCB0F91004A488D /* Release */ = {
			isa = XCBuildConfiguration;
			buildSettings = {
				ASSETCATALOG_COMPILER_APPICON_NAME = AppIcon;
				ASSETCATALOG_COMPILER_GLOBAL_ACCENT_COLOR_NAME = AccentColor;
				CODE_SIGN_ENTITLEMENTS = Upmarket/Upmarket.entitlements;
				CODE_SIGN_STYLE = Automatic;
				COMBINE_HIDPI_IMAGES = YES;
				CURRENT_PROJECT_VERSION = 1;
				ENABLE_APP_SANDBOX = YES;
				ENABLE_INCOMING_NETWORK_CONNECTIONS = NO;
				ENABLE_OUTGOING_NETWORK_CONNECTIONS = YES;
				ENABLE_PREVIEWS = YES;
				ENABLE_RESOURCE_ACCESS_AUDIO_INPUT = NO;
				ENABLE_RESOURCE_ACCESS_BLUETOOTH = NO;
				ENABLE_RESOURCE_ACCESS_CALENDARS = NO;
				ENABLE_RESOURCE_ACCESS_CAMERA = NO;
				ENABLE_RESOURCE_ACCESS_CONTACTS = NO;
				ENABLE_RESOURCE_ACCESS_LOCATION = NO;
				ENABLE_RESOURCE_ACCESS_PRINTING = NO;
				ENABLE_RESOURCE_ACCESS_USB = NO;
				ENABLE_USER_SELECTED_FILES = readonly;
				EXCLUDED_SOURCE_FILE_NAMES = Info.plist;
				GENERATE_INFOPLIST_FILE = NO;
				INFOPLIST_FILE = Upmarket/Info.plist;
				LD_RUNPATH_SEARCH_PATHS = (
					"$(inherited)",
					"@executable_path/../Frameworks",
				);
				MACOSX_DEPLOYMENT_TARGET = 13.3;
				MARKETING_VERSION = 1.0;
				PRODUCT_BUNDLE_IDENTIFIER = com.upmarket.app;
				PRODUCT_NAME = "$(TARGET_NAME)";
				REGISTER_APP_GROUPS = YES;
				STRING_CATALOG_GENERATE_SYMBOLS = YES;
				SWIFT_APPROACHABLE_CONCURRENCY = YES;
				SWIFT_DEFAULT_ACTOR_ISOLATION = MainActor;
				SWIFT_EMIT_LOC_STRINGS = YES;
				SWIFT_UPCOMING_FEATURE_MEMBER_IMPORT_VISIBILITY = YES;
				SWIFT_VERSION = 5.0;
			};
			name = Release;
		};
		81A3B7502FCB0F91004A488D /* Debug */ = {
			isa = XCBuildConfiguration;
			buildSettings = {
				BUNDLE_LOADER = "$(TEST_HOST)";
				CODE_SIGN_STYLE = Automatic;
				CURRENT_PROJECT_VERSION = 1;
				GENERATE_INFOPLIST_FILE = YES;
				MACOSX_DEPLOYMENT_TARGET = 14.0;
				MARKETING_VERSION = 1.0;
				PRODUCT_BUNDLE_IDENTIFIER = com.upmarket.UpmarketTests;
				PRODUCT_NAME = "$(TARGET_NAME)";
				STRING_CATALOG_GENERATE_SYMBOLS = NO;
				SWIFT_APPROACHABLE_CONCURRENCY = YES;
				SWIFT_EMIT_LOC_STRINGS = NO;
				SWIFT_UPCOMING_FEATURE_MEMBER_IMPORT_VISIBILITY = YES;
				SWIFT_VERSION = 5.0;
				TEST_HOST = "$(BUILT_PRODUCTS_DIR)/Upmarket.app/$(BUNDLE_EXECUTABLE_FOLDER_PATH)/Upmarket";
			};
			name = Debug;
		};
		81A3B7512FCB0F91004A488D /* Release */ = {
			isa = XCBuildConfiguration;
			buildSettings = {
				BUNDLE_LOADER = "$(TEST_HOST)";
				CODE_SIGN_STYLE = Automatic;
				CURRENT_PROJECT_VERSION = 1;
				GENERATE_INFOPLIST_FILE = YES;
				MACOSX_DEPLOYMENT_TARGET = 14.0;
				MARKETING_VERSION = 1.0;
				PRODUCT_BUNDLE_IDENTIFIER = com.upmarket.UpmarketTests;
				PRODUCT_NAME = "$(TARGET_NAME)";
				STRING_CATALOG_GENERATE_SYMBOLS = NO;
				SWIFT_APPROACHABLE_CONCURRENCY = YES;
				SWIFT_EMIT_LOC_STRINGS = NO;
				SWIFT_UPCOMING_FEATURE_MEMBER_IMPORT_VISIBILITY = YES;
				SWIFT_VERSION = 5.0;
				TEST_HOST = "$(BUILT_PRODUCTS_DIR)/Upmarket.app/$(BUNDLE_EXECUTABLE_FOLDER_PATH)/Upmarket";
			};
			name = Release;
		};
		81A3B7532FCB0F91004A488D /* Debug */ = {
			isa = XCBuildConfiguration;
			buildSettings = {
				CODE_SIGN_STYLE = Automatic;
				CURRENT_PROJECT_VERSION = 1;
				GENERATE_INFOPLIST_FILE = YES;
				MACOSX_DEPLOYMENT_TARGET = 14.0;
				MARKETING_VERSION = 1.0;
				PRODUCT_BUNDLE_IDENTIFIER = com.upmarket.UpmarketUITests;
				PRODUCT_NAME = "$(TARGET_NAME)";
				STRING_CATALOG_GENERATE_SYMBOLS = NO;
				SWIFT_APPROACHABLE_CONCURRENCY = YES;
				SWIFT_EMIT_LOC_STRINGS = NO;
				SWIFT_UPCOMING_FEATURE_MEMBER_IMPORT_VISIBILITY = YES;
				SWIFT_VERSION = 5.0;
				TEST_TARGET_NAME = Upmarket;
			};
			name = Debug;
		};
		81A3B7542FCB0F91004A488D /* Release */ = {
			isa = XCBuildConfiguration;
			buildSettings = {
				CODE_SIGN_STYLE = Automatic;
				CURRENT_PROJECT_VERSION = 1;
				GENERATE_INFOPLIST_FILE = YES;
				MACOSX_DEPLOYMENT_TARGET = 14.0;
				MARKETING_VERSION = 1.0;
				PRODUCT_BUNDLE_IDENTIFIER = com.upmarket.UpmarketUITests;
				PRODUCT_NAME = "$(TARGET_NAME)";
				STRING_CATALOG_GENERATE_SYMBOLS = NO;
				SWIFT_APPROACHABLE_CONCURRENCY = YES;
				SWIFT_EMIT_LOC_STRINGS = NO;
				SWIFT_UPCOMING_FEATURE_MEMBER_IMPORT_VISIBILITY = YES;
				SWIFT_VERSION = 5.0;
				TEST_TARGET_NAME = Upmarket;
			};
			name = Release;
		};
		AA000008000000000000008A /* Debug */ = {
			isa = XCBuildConfiguration;
			buildSettings = {
				CODE_SIGN_ENTITLEMENTS = UpmarketQuickActionSupport/UpmarketQuickAction.entitlements;
				CODE_SIGN_STYLE = Automatic;
				CURRENT_PROJECT_VERSION = 1;
				INFOPLIST_FILE = UpmarketQuickActionSupport/Info.plist;
				MACOSX_DEPLOYMENT_TARGET = 13.3;
				MARKETING_VERSION = 1.0;
				PRODUCT_BUNDLE_IDENTIFIER = com.upmarket.app.quickaction;
				PRODUCT_NAME = "$(TARGET_NAME)";
				SKIP_INSTALL = YES;
				SWIFT_VERSION = 5.0;
			};
			name = Debug;
		};
		AA000009000000000000009A /* Release */ = {
			isa = XCBuildConfiguration;
			buildSettings = {
				CODE_SIGN_ENTITLEMENTS = UpmarketQuickActionSupport/UpmarketQuickAction.entitlements;
				CODE_SIGN_STYLE = Automatic;
				CURRENT_PROJECT_VERSION = 1;
				INFOPLIST_FILE = UpmarketQuickActionSupport/Info.plist;
				MACOSX_DEPLOYMENT_TARGET = 13.3;
				MARKETING_VERSION = 1.0;
				PRODUCT_BUNDLE_IDENTIFIER = com.upmarket.app.quickaction;
				PRODUCT_NAME = "$(TARGET_NAME)";
				SKIP_INSTALL = YES;
				SWIFT_VERSION = 5.0;
			};
			name = Release;
		};
		BB00000E00000000000000EB /* Debug */ = {
			isa = XCBuildConfiguration;
			buildSettings = {
				CODE_SIGN_ENTITLEMENTS = UpmarketRuntimeHelper/UpmarketRuntimeHelper.entitlements;
				CODE_SIGN_STYLE = Automatic;
				CURRENT_PROJECT_VERSION = 1;
				ENABLE_APP_SANDBOX = YES;
				ENABLE_INCOMING_NETWORK_CONNECTIONS = NO;
				ENABLE_OUTGOING_NETWORK_CONNECTIONS = YES;
				GENERATE_INFOPLIST_FILE = YES;
				LD_RUNPATH_SEARCH_PATHS = (
					"$(inherited)",
					"@executable_path/../Frameworks",
				);
				MACOSX_DEPLOYMENT_TARGET = 13.3;
				MARKETING_VERSION = 1.0;
				PRODUCT_BUNDLE_IDENTIFIER = "com.upmarket.app.runtime-helper";
				PRODUCT_NAME = "$(TARGET_NAME)";
				REGISTER_APP_GROUPS = YES;
				SKIP_INSTALL = YES;
				SWIFT_APPROACHABLE_CONCURRENCY = YES;
				SWIFT_DEFAULT_ACTOR_ISOLATION = MainActor;
				SWIFT_EMIT_LOC_STRINGS = NO;
				SWIFT_INCLUDE_PATHS = "$(inherited) $(SRCROOT)/Vendor/PythonKit/build/$(CONFIGURATION)";
				SWIFT_UPCOMING_FEATURE_MEMBER_IMPORT_VISIBILITY = YES;
				SWIFT_VERSION = 5.0;
			};
			name = Debug;
		};
		BB00000F00000000000000FB /* Release */ = {
			isa = XCBuildConfiguration;
			buildSettings = {
				CODE_SIGN_ENTITLEMENTS = UpmarketRuntimeHelper/UpmarketRuntimeHelper.entitlements;
				CODE_SIGN_STYLE = Automatic;
				CURRENT_PROJECT_VERSION = 1;
				ENABLE_APP_SANDBOX = YES;
				ENABLE_INCOMING_NETWORK_CONNECTIONS = NO;
				ENABLE_OUTGOING_NETWORK_CONNECTIONS = YES;
				GENERATE_INFOPLIST_FILE = YES;
				LD_RUNPATH_SEARCH_PATHS = (
					"$(inherited)",
					"@executable_path/../Frameworks",
				);
				MACOSX_DEPLOYMENT_TARGET = 13.3;
				MARKETING_VERSION = 1.0;
				PRODUCT_BUNDLE_IDENTIFIER = "com.upmarket.app.runtime-helper";
				PRODUCT_NAME = "$(TARGET_NAME)";
				REGISTER_APP_GROUPS = YES;
				SKIP_INSTALL = YES;
				SWIFT_APPROACHABLE_CONCURRENCY = YES;
				SWIFT_DEFAULT_ACTOR_ISOLATION = MainActor;
				SWIFT_EMIT_LOC_STRINGS = NO;
				SWIFT_INCLUDE_PATHS = "$(inherited) $(SRCROOT)/Vendor/PythonKit/build/$(CONFIGURATION)";
				SWIFT_UPCOMING_FEATURE_MEMBER_IMPORT_VISIBILITY = YES;
				SWIFT_VERSION = 5.0;
			};
			name = Release;
		};
/* End XCBuildConfiguration section */

/* Begin XCConfigurationList section */
		81A3B7262FCB0F91004A488D /* Build configuration list for PBXProject "Upmarket" */ = {
			isa = XCConfigurationList;
			buildConfigurations = (
				81A3B74A2FCB0F91004A488D /* Debug */,
				81A3B74B2FCB0F91004A488D /* Release */,
			);
			defaultConfigurationIsVisible = 0;
			defaultConfigurationName = Release;
		};
		81A3B74C2FCB0F91004A488D /* Build configuration list for PBXNativeTarget "Upmarket" */ = {
			isa = XCConfigurationList;
			buildConfigurations = (
				81A3B74D2FCB0F91004A488D /* Debug */,
				81A3B74E2FCB0F91004A488D /* Release */,
			);
			defaultConfigurationIsVisible = 0;
			defaultConfigurationName = Release;
		};
		81A3B74F2FCB0F91004A488D /* Build configuration list for PBXNativeTarget "UpmarketTests" */ = {
			isa = XCConfigurationList;
			buildConfigurations = (
				81A3B7502FCB0F91004A488D /* Debug */,
				81A3B7512FCB0F91004A488D /* Release */,
			);
			defaultConfigurationIsVisible = 0;
			defaultConfigurationName = Release;
		};
		81A3B7522FCB0F91004A488D /* Build configuration list for PBXNativeTarget "UpmarketUITests" */ = {
			isa = XCConfigurationList;
			buildConfigurations = (
				81A3B7532FCB0F91004A488D /* Debug */,
				81A3B7542FCB0F91004A488D /* Release */,
			);
			defaultConfigurationIsVisible = 0;
			defaultConfigurationName = Release;
		};
		AA00000A00000000000000AA /* Build configuration list for PBXNativeTarget "UpmarketQuickAction" */ = {
			isa = XCConfigurationList;
			buildConfigurations = (
				AA000008000000000000008A /* Debug */,
				AA000009000000000000009A /* Release */,
			);
			defaultConfigurationIsVisible = 0;
			defaultConfigurationName = Release;
		};
		BB00000A00000000000000AB /* Build configuration list for PBXNativeTarget "UpmarketRuntimeHelper" */ = {
			isa = XCConfigurationList;
			buildConfigurations = (
				BB00000E00000000000000EB /* Debug */,
				BB00000F00000000000000FB /* Release */,
			);
			defaultConfigurationIsVisible = 0;
			defaultConfigurationName = Release;
		};
/* End XCConfigurationList section */

/* Begin XCLocalSwiftPackageReference section */
		81A3B75B2FCB1073004A488D /* XCLocalSwiftPackageReference "Vendor/PythonKit" */ = {
			isa = XCLocalSwiftPackageReference;
			relativePath = Vendor/PythonKit;
		};
/* End XCLocalSwiftPackageReference section */

/* Begin XCSwiftPackageProductDependency section */
		81A3B75C2FCB1073004A488D /* PythonKit */ = {
			isa = XCSwiftPackageProductDependency;
			package = 81A3B75B2FCB1073004A488D /* XCLocalSwiftPackageReference "Vendor/PythonKit" */;
			productName = PythonKit;
		};
/* End XCSwiftPackageProductDependency section */
	};
	rootObject = 81A3B7232FCB0F91004A488D /* Project object */;
}
