// !$*UTF8*$!
{
	archiveVersion = 1;
	classes = {
	};
	objectVersion = 77;
	objects = {

/* Begin PBXBuildFile section */
		81AAFF0A2FDF0512006AEB11 /* SwiftOfficeMarkdown in Frameworks */ = {isa = PBXBuildFile; productRef = 81AAFF092FDF0512006AEB11 /* SwiftOfficeMarkdown */; };
		81BF20B12FE8E38F00BB38F0 /* UpmarketVLM in Frameworks */ = {isa = PBXBuildFile; productRef = DD00000000000000000000A2 /* UpmarketVLM */; };
		81BF22282FE8E62800BB38F0 /* UpmarketBackgroundAssetsExtension.appex in Embed ExtensionKit Extensions */ = {isa = PBXBuildFile; fileRef = 81BF22202FE8E62800BB38F0 /* UpmarketBackgroundAssetsExtension.appex */; settings = {ATTRIBUTES = (RemoveHeadersOnCopy, ); }; };
		AA00000F00000000000000FA /* UpmarketQuickAction.appex in Embed App Extensions */ = {isa = PBXBuildFile; fileRef = AA000003000000000000003A /* UpmarketQuickAction.appex */; settings = {ATTRIBUTES = (RemoveHeadersOnCopy, ); }; };
		EE000015000000000000015E /* upmarket-cli in Embed Command Tools */ = {isa = PBXBuildFile; fileRef = DD000002000000000000002D /* upmarket-cli */; settings = {ATTRIBUTES = (CodeSignOnCopy, ); }; };
		EE000016000000000000016E /* upmarket-mcp in Embed Command Tools */ = {isa = PBXBuildFile; fileRef = EE000002000000000000002E /* upmarket-mcp */; settings = {ATTRIBUTES = (CodeSignOnCopy, ); }; };
/* End PBXBuildFile section */

/* Begin PBXContainerItemProxy section */
		81A3B7392FCB0F91004A488D /* PBXContainerItemProxy */ = {
			isa = PBXContainerItemProxy;
			containerPortal = 81A3B7232FCB0F91004A488D /* Project object */;
			proxyType = 1;
			remoteGlobalIDString = 81A3B72A2FCB0F91004A488D;
			remoteInfo = Upmarket;
		};
		81A3B7432FCB0F91004A488D /* PBXContainerItemProxy */ = {
			isa = PBXContainerItemProxy;
			containerPortal = 81A3B7232FCB0F91004A488D /* Project object */;
			proxyType = 1;
			remoteGlobalIDString = 81A3B72A2FCB0F91004A488D;
			remoteInfo = Upmarket;
		};
		81BF22262FE8E62800BB38F0 /* PBXContainerItemProxy */ = {
			isa = PBXContainerItemProxy;
			containerPortal = 81A3B7232FCB0F91004A488D /* Project object */;
			proxyType = 1;
			remoteGlobalIDString = 81BF221F2FE8E62800BB38F0;
			remoteInfo = UpmarketBackgroundAssetsExtension;
		};
		AA00000B00000000000000BA /* PBXContainerItemProxy */ = {
			isa = PBXContainerItemProxy;
			containerPortal = 81A3B7232FCB0F91004A488D /* Project object */;
			proxyType = 1;
			remoteGlobalIDString = AA000004000000000000004A;
			remoteInfo = UpmarketQuickAction;
		};
		EE000011000000000000011E /* PBXContainerItemProxy */ = {
			isa = PBXContainerItemProxy;
			containerPortal = 81A3B7232FCB0F91004A488D /* Project object */;
			proxyType = 1;
			remoteGlobalIDString = DD000006000000000000006D;
			remoteInfo = UpmarketCLI;
		};
		EE000013000000000000013E /* PBXContainerItemProxy */ = {
			isa = PBXContainerItemProxy;
			containerPortal = 81A3B7232FCB0F91004A488D /* Project object */;
			proxyType = 1;
			remoteGlobalIDString = EE000006000000000000006E;
			remoteInfo = "upmarket-mcp";
		};
/* End PBXContainerItemProxy section */

/* Begin PBXCopyFilesBuildPhase section */
		81BF22292FE8E62800BB38F0 /* Embed ExtensionKit Extensions */ = {
			isa = PBXCopyFilesBuildPhase;
			buildActionMask = 2147483647;
			dstPath = "$(EXTENSIONS_FOLDER_PATH)";
			dstSubfolderSpec = 16;
			files = (
				81BF22282FE8E62800BB38F0 /* UpmarketBackgroundAssetsExtension.appex in Embed ExtensionKit Extensions */,
			);
			name = "Embed ExtensionKit Extensions";
			runOnlyForDeploymentPostprocessing = 0;
		};
		AA00000E00000000000000EA /* Embed App Extensions */ = {
			isa = PBXCopyFilesBuildPhase;
			buildActionMask = 2147483647;
			dstPath = "";
			dstSubfolderSpec = 13;
			files = (
				AA00000F00000000000000FA /* UpmarketQuickAction.appex in Embed App Extensions */,
			);
			name = "Embed App Extensions";
			runOnlyForDeploymentPostprocessing = 0;
		};
		EE000017000000000000017E /* Embed Command Tools */ = {
			isa = PBXCopyFilesBuildPhase;
			buildActionMask = 2147483647;
			dstPath = "";
			dstSubfolderSpec = 6;
			files = (
				EE000015000000000000015E /* upmarket-cli in Embed Command Tools */,
				EE000016000000000000016E /* upmarket-mcp in Embed Command Tools */,
			);
			name = "Embed Command Tools";
			runOnlyForDeploymentPostprocessing = 0;
		};
/* End PBXCopyFilesBuildPhase section */

/* Begin PBXFileReference section */
		81A3B72B2FCB0F91004A488D /* Upmarket.app */ = {isa = PBXFileReference; explicitFileType = wrapper.application; includeInIndex = 0; path = Upmarket.app; sourceTree = BUILT_PRODUCTS_DIR; };
		81A3B7382FCB0F91004A488D /* UpmarketTests.xctest */ = {isa = PBXFileReference; explicitFileType = wrapper.cfbundle; includeInIndex = 0; path = UpmarketTests.xctest; sourceTree = BUILT_PRODUCTS_DIR; };
		81A3B7422FCB0F91004A488D /* UpmarketUITests.xctest */ = {isa = PBXFileReference; explicitFileType = wrapper.cfbundle; includeInIndex = 0; path = UpmarketUITests.xctest; sourceTree = BUILT_PRODUCTS_DIR; };
		81BF22202FE8E62800BB38F0 /* UpmarketBackgroundAssetsExtension.appex */ = {isa = PBXFileReference; explicitFileType = "wrapper.extensionkit-extension"; includeInIndex = 0; path = UpmarketBackgroundAssetsExtension.appex; sourceTree = BUILT_PRODUCTS_DIR; };
		AA000003000000000000003A /* UpmarketQuickAction.appex */ = {isa = PBXFileReference; explicitFileType = "wrapper.app-extension"; includeInIndex = 0; path = UpmarketQuickAction.appex; sourceTree = BUILT_PRODUCTS_DIR; };
		DD000002000000000000002D /* upmarket-cli */ = {isa = PBXFileReference; explicitFileType = "compiled.mach-o.executable"; includeInIndex = 0; path = "upmarket-cli"; sourceTree = BUILT_PRODUCTS_DIR; };
		EE000002000000000000002E /* upmarket-mcp */ = {isa = PBXFileReference; explicitFileType = "compiled.mach-o.executable"; includeInIndex = 0; path = "upmarket-mcp"; sourceTree = BUILT_PRODUCTS_DIR; };
/* End PBXFileReference section */

/* Begin PBXFileSystemSynchronizedBuildFileExceptionSet section */
		81BF222D2FE8E62800BB38F0 /* Exceptions for "UpmarketBackgroundAssetsExtension" folder in "UpmarketBackgroundAssetsExtension" target */ = {
			isa = PBXFileSystemSynchronizedBuildFileExceptionSet;
			membershipExceptions = (
				Info.plist,
			);
			target = 81BF221F2FE8E62800BB38F0 /* UpmarketBackgroundAssetsExtension */;
		};
		AA000010000000000000010A /* Exceptions for "Upmarket" folder in "Upmarket" target */ = {
			isa = PBXFileSystemSynchronizedBuildFileExceptionSet;
			membershipExceptions = (
				Info.plist,
			);
			target = 81A3B72A2FCB0F91004A488D /* Upmarket */;
		};
/* End PBXFileSystemSynchronizedBuildFileExceptionSet section */

/* Begin PBXFileSystemSynchronizedRootGroup section */
		81A3B72D2FCB0F91004A488D /* Upmarket */ = {
			isa = PBXFileSystemSynchronizedRootGroup;
			exceptions = (
				AA000010000000000000010A /* Exceptions for "Upmarket" folder in "Upmarket" target */,
			);
			path = Upmarket;
			sourceTree = "<group>";
		};
		81A3B73B2FCB0F91004A488D /* UpmarketTests */ = {
			isa = PBXFileSystemSynchronizedRootGroup;
			path = UpmarketTests;
			sourceTree = "<group>";
		};
		81A3B7452FCB0F91004A488D /* UpmarketUITests */ = {
			isa = PBXFileSystemSynchronizedRootGroup;
			path = UpmarketUITests;
			sourceTree = "<group>";
		};
		81BF22212FE8E62800BB38F0 /* UpmarketBackgroundAssetsExtension */ = {
			isa = PBXFileSystemSynchronizedRootGroup;
			exceptions = (
				81BF222D2FE8E62800BB38F0 /* Exceptions for "UpmarketBackgroundAssetsExtension" folder in "UpmarketBackgroundAssetsExtension" target */,
			);
			path = UpmarketBackgroundAssetsExtension;
			sourceTree = "<group>";
		};
		990000000000000000000001 /* Shared */ = {
			isa = PBXFileSystemSynchronizedRootGroup;
			path = Shared;
			sourceTree = "<group>";
		};
		AA00000D00000000000000DA /* UpmarketQuickAction */ = {
			isa = PBXFileSystemSynchronizedRootGroup;
			path = UpmarketQuickAction;
			sourceTree = "<group>";
		};
		DD000008000000000000008D /* UpmarketCLI */ = {
			isa = PBXFileSystemSynchronizedRootGroup;
			path = UpmarketCLI;
			sourceTree = "<group>";
		};
		EE000008000000000000008E /* UpmarketMCP */ = {
			isa = PBXFileSystemSynchronizedRootGroup;
			path = UpmarketMCP;
			sourceTree = "<group>";
		};
/* End PBXFileSystemSynchronizedRootGroup section */

/* Begin PBXFrameworksBuildPhase section */
		81A3B7282FCB0F91004A488D /* Frameworks */ = {
			isa = PBXFrameworksBuildPhase;
			buildActionMask = 2147483647;
			files = (
				81BF20B12FE8E38F00BB38F0 /* UpmarketVLM in Frameworks */,
				81AAFF0A2FDF0512006AEB11 /* SwiftOfficeMarkdown in Frameworks */,
			);
			runOnlyForDeploymentPostprocessing = 0;
		};
		81A3B7352FCB0F91004A488D /* Frameworks */ = {
			isa = PBXFrameworksBuildPhase;
			buildActionMask = 2147483647;
			files = (
			);
			runOnlyForDeploymentPostprocessing = 0;
		};
		81A3B73F2FCB0F91004A488D /* Frameworks */ = {
			isa = PBXFrameworksBuildPhase;
			buildActionMask = 2147483647;
			files = (
			);
			runOnlyForDeploymentPostprocessing = 0;
		};
		81BF221D2FE8E62800BB38F0 /* Frameworks */ = {
			isa = PBXFrameworksBuildPhase;
			buildActionMask = 2147483647;
			files = (
			);
			runOnlyForDeploymentPostprocessing = 0;
		};
		AA000007000000000000007A /* Frameworks */ = {
			isa = PBXFrameworksBuildPhase;
			buildActionMask = 2147483647;
			files = (
			);
			runOnlyForDeploymentPostprocessing = 0;
		};
		DD000009000000000000009D /* Frameworks */ = {
			isa = PBXFrameworksBuildPhase;
			buildActionMask = 2147483647;
			files = (
			);
			runOnlyForDeploymentPostprocessing = 0;
		};
		EE000009000000000000009E /* Frameworks */ = {
			isa = PBXFrameworksBuildPhase;
			buildActionMask = 2147483647;
			files = (
			);
			runOnlyForDeploymentPostprocessing = 0;
		};
/* End PBXFrameworksBuildPhase section */

/* Begin PBXGroup section */
		81A3B7222FCB0F91004A488D = {
			isa = PBXGroup;
			children = (
				81A3B72D2FCB0F91004A488D /* Upmarket */,
				990000000000000000000001 /* Shared */,
				AA00000D00000000000000DA /* UpmarketQuickAction */,
				DD000008000000000000008D /* UpmarketCLI */,
				EE000008000000000000008E /* UpmarketMCP */,
				81A3B73B2FCB0F91004A488D /* UpmarketTests */,
				81A3B7452FCB0F91004A488D /* UpmarketUITests */,
				81BF22212FE8E62800BB38F0 /* UpmarketBackgroundAssetsExtension */,
				81A3B75E2FCB116B004A488D /* Frameworks */,
				81A3B72C2FCB0F91004A488D /* Products */,
			);
			sourceTree = "<group>";
		};
		81A3B72C2FCB0F91004A488D /* Products */ = {
			isa = PBXGroup;
			children = (
				81A3B72B2FCB0F91004A488D /* Upmarket.app */,
				DD000002000000000000002D /* upmarket-cli */,
				EE000002000000000000002E /* upmarket-mcp */,
				AA000003000000000000003A /* UpmarketQuickAction.appex */,
				81A3B7382FCB0F91004A488D /* UpmarketTests.xctest */,
				81A3B7422FCB0F91004A488D /* UpmarketUITests.xctest */,
				81BF22202FE8E62800BB38F0 /* UpmarketBackgroundAssetsExtension.appex */,
			);
			name = Products;
			sourceTree = "<group>";
		};
		81A3B75E2FCB116B004A488D /* Frameworks */ = {
			isa = PBXGroup;
			children = (
			);
			name = Frameworks;
			sourceTree = "<group>";
		};
/* End PBXGroup section */

/* Begin PBXNativeTarget section */
		81A3B72A2FCB0F91004A488D /* Upmarket */ = {
			isa = PBXNativeTarget;
			buildConfigurationList = 81A3B74C2FCB0F91004A488D /* Build configuration list for PBXNativeTarget "Upmarket" */;
			buildPhases = (
				81A3B7272FCB0F91004A488D /* Sources */,
				81A3B7282FCB0F91004A488D /* Frameworks */,
				81A3B7292FCB0F91004A488D /* Resources */,
				CC000003000000000000003C /* Stamp Build Metadata */,
				AA00000E00000000000000EA /* Embed App Extensions */,
				EE000017000000000000017E /* Embed Command Tools */,
				81BF22292FE8E62800BB38F0 /* Embed ExtensionKit Extensions */,
				CC000002000000000000002C /* Validate App Package */,
			);
			buildRules = (
			);
			dependencies = (
				AA00000C00000000000000CA /* PBXTargetDependency */,
				EE000012000000000000012E /* PBXTargetDependency */,
				EE000014000000000000014E /* PBXTargetDependency */,
				81BF22272FE8E62800BB38F0 /* PBXTargetDependency */,
			);
			fileSystemSynchronizedGroups = (
				81A3B72D2FCB0F91004A488D /* Upmarket */,
				990000000000000000000001 /* Shared */,
			);
			name = Upmarket;
			packageProductDependencies = (
				81AAFF092FDF0512006AEB11 /* SwiftOfficeMarkdown */,
				DD00000000000000000000A2 /* UpmarketVLM */,
			);
			productName = Upmarket;
			productReference = 81A3B72B2FCB0F91004A488D /* Upmarket.app */;
			productType = "com.apple.product-type.application";
		};
		81A3B7372FCB0F91004A488D /* UpmarketTests */ = {
			isa = PBXNativeTarget;
			buildConfigurationList = 81A3B74F2FCB0F91004A488D /* Build configuration list for PBXNativeTarget "UpmarketTests" */;
			buildPhases = (
				81A3B7342FCB0F91004A488D /* Sources */,
				81A3B7352FCB0F91004A488D /* Frameworks */,
				81A3B7362FCB0F91004A488D /* Resources */,
			);
			buildRules = (
			);
			dependencies = (
				81A3B73A2FCB0F91004A488D /* PBXTargetDependency */,
			);
			fileSystemSynchronizedGroups = (
				81A3B73B2FCB0F91004A488D /* UpmarketTests */,
			);
			name = UpmarketTests;
			packageProductDependencies = (
			);
			productName = UpmarketTests;
			productReference = 81A3B7382FCB0F91004A488D /* UpmarketTests.xctest */;
			productType = "com.apple.product-type.bundle.unit-test";
		};
		81A3B7412FCB0F91004A488D /* UpmarketUITests */ = {
			isa = PBXNativeTarget;
			buildConfigurationList = 81A3B7522FCB0F91004A488D /* Build configuration list for PBXNativeTarget "UpmarketUITests" */;
			buildPhases = (
				81A3B73E2FCB0F91004A488D /* Sources */,
				81A3B73F2FCB0F91004A488D /* Frameworks */,
				81A3B7402FCB0F91004A488D /* Resources */,
			);
			buildRules = (
			);
			dependencies = (
				81A3B7442FCB0F91004A488D /* PBXTargetDependency */,
			);
			fileSystemSynchronizedGroups = (
				81A3B7452FCB0F91004A488D /* UpmarketUITests */,
			);
			name = UpmarketUITests;
			packageProductDependencies = (
			);
			productName = UpmarketUITests;
			productReference = 81A3B7422FCB0F91004A488D /* UpmarketUITests.xctest */;
			productType = "com.apple.product-type.bundle.ui-testing";
		};
		81BF221F2FE8E62800BB38F0 /* UpmarketBackgroundAssetsExtension */ = {
			isa = PBXNativeTarget;
			buildConfigurationList = 81BF222C2FE8E62800BB38F0 /* Build configuration list for PBXNativeTarget "UpmarketBackgroundAssetsExtension" */;
			buildPhases = (
				81BF221C2FE8E62800BB38F0 /* Sources */,
				81BF221D2FE8E62800BB38F0 /* Frameworks */,
				81BF221E2FE8E62800BB38F0 /* Resources */,
			);
			buildRules = (
			);
			dependencies = (
			);
			fileSystemSynchronizedGroups = (
				81BF22212FE8E62800BB38F0 /* UpmarketBackgroundAssetsExtension */,
			);
			name = UpmarketBackgroundAssetsExtension;
			packageProductDependencies = (
			);
			productName = UpmarketBackgroundAssetsExtension;
			productReference = 81BF22202FE8E62800BB38F0 /* UpmarketBackgroundAssetsExtension.appex */;
			productType = "com.apple.product-type.extensionkit-extension";
		};
		AA000004000000000000004A /* UpmarketQuickAction */ = {
			isa = PBXNativeTarget;
			buildConfigurationList = AA00000A00000000000000AA /* Build configuration list for PBXNativeTarget "UpmarketQuickAction" */;
			buildPhases = (
				AA000005000000000000005A /* Sources */,
				AA000006000000000000006A /* Resources */,
				AA000007000000000000007A /* Frameworks */,
			);
			buildRules = (
			);
			dependencies = (
			);
			fileSystemSynchronizedGroups = (
				990000000000000000000001 /* Shared */,
				AA00000D00000000000000DA /* UpmarketQuickAction */,
			);
			name = UpmarketQuickAction;
			productName = UpmarketQuickAction;
			productReference = AA000003000000000000003A /* UpmarketQuickAction.appex */;
			productType = "com.apple.product-type.app-extension";
		};
		DD000006000000000000006D /* UpmarketCLI */ = {
			isa = PBXNativeTarget;
			buildConfigurationList = DD00000A00000000000000AD /* Build configuration list for PBXNativeTarget "UpmarketCLI" */;
			buildPhases = (
				DD00000D00000000000000DD /* Sources */,
				DD000009000000000000009D /* Frameworks */,
			);
			buildRules = (
			);
			dependencies = (
			);
			fileSystemSynchronizedGroups = (
				990000000000000000000001 /* Shared */,
				DD000008000000000000008D /* UpmarketCLI */,
			);
			name = UpmarketCLI;
			packageProductDependencies = (
			);
			productName = "upmarket-cli";
			productReference = DD000002000000000000002D /* upmarket-cli */;
			productType = "com.apple.product-type.tool";
		};
		EE000006000000000000006E /* upmarket-mcp */ = {
			isa = PBXNativeTarget;
			buildConfigurationList = EE00000A00000000000000AE /* Build configuration list for PBXNativeTarget "upmarket-mcp" */;
			buildPhases = (
				EE00000D00000000000000DE /* Sources */,
				EE000009000000000000009E /* Frameworks */,
			);
			buildRules = (
			);
			dependencies = (
			);
			fileSystemSynchronizedGroups = (
				EE000008000000000000008E /* UpmarketMCP */,
			);
			name = "upmarket-mcp";
			packageProductDependencies = (
			);
			productName = "upmarket-mcp";
			productReference = EE000002000000000000002E /* upmarket-mcp */;
			productType = "com.apple.product-type.tool";
		};
/* End PBXNativeTarget section */

/* Begin PBXProject section */
		81A3B7232FCB0F91004A488D /* Project object */ = {
			isa = PBXProject;
			attributes = {
				BuildIndependentTargetsInParallel = 1;
				LastSwiftUpdateCheck = 2650;
				LastUpgradeCheck = 2650;
				TargetAttributes = {
					81A3B72A2FCB0F91004A488D = {
						CreatedOnToolsVersion = 26.5;
					};
					81A3B7372FCB0F91004A488D = {
						CreatedOnToolsVersion = 26.5;
						TestTargetID = 81A3B72A2FCB0F91004A488D;
					};
					81A3B7412FCB0F91004A488D = {
						CreatedOnToolsVersion = 26.5;
						TestTargetID = 81A3B72A2FCB0F91004A488D;
					};
					81BF221F2FE8E62800BB38F0 = {
						CreatedOnToolsVersion = 26.5;
					};
					DD000006000000000000006D = {
						CreatedOnToolsVersion = 26.5;
					};
					EE000006000000000000006E = {
						CreatedOnToolsVersion = 26.5;
					};
				};
			};
			buildConfigurationList = 81A3B7262FCB0F91004A488D /* Build configuration list for PBXProject "Upmarket" */;
			developmentRegion = en;
			hasScannedForEncodings = 0;
			knownRegions = (
				en,
				Base,
				de,
				ja,
				it,
				"pt-BR",
				ko,
				fr,
				es,
				"zh-Hans",
			);
			mainGroup = 81A3B7222FCB0F91004A488D;
			minimizedProjectReferenceProxies = 1;
			packageReferences = (
				81AAFF082FDF0512006AEB11 /* XCLocalSwiftPackageReference "../Vendor/SwiftOfficeMarkdown" */,
				DD00000000000000000000A1 /* XCLocalSwiftPackageReference "Vendor/UpmarketVLM" */,
			);
			preferredProjectObjectVersion = 77;
			productRefGroup = 81A3B72C2FCB0F91004A488D /* Products */;
			projectDirPath = "";
			projectRoot = "";
			targets = (
				81A3B72A2FCB0F91004A488D /* Upmarket */,
				AA000004000000000000004A /* UpmarketQuickAction */,
				DD000006000000000000006D /* UpmarketCLI */,
				EE000006000000000000006E /* upmarket-mcp */,
				81A3B7372FCB0F91004A488D /* UpmarketTests */,
				81A3B7412FCB0F91004A488D /* UpmarketUITests */,
				81BF221F2FE8E62800BB38F0 /* UpmarketBackgroundAssetsExtension */,
			);
		};
/* End PBXProject section */

/* Begin PBXResourcesBuildPhase section */
		81A3B7292FCB0F91004A488D /* Resources */ = {
			isa = PBXResourcesBuildPhase;
			buildActionMask = 2147483647;
			files = (
			);
			runOnlyForDeploymentPostprocessing = 0;
		};
		81A3B7362FCB0F91004A488D /* Resources */ = {
			isa = PBXResourcesBuildPhase;
			buildActionMask = 2147483647;
			files = (
			);
			runOnlyForDeploymentPostprocessing = 0;
		};
		81A3B7402FCB0F91004A488D /* Resources */ = {
			isa = PBXResourcesBuildPhase;
			buildActionMask = 2147483647;
			files = (
			);
			runOnlyForDeploymentPostprocessing = 0;
		};
		81BF221E2FE8E62800BB38F0 /* Resources */ = {
			isa = PBXResourcesBuildPhase;
			buildActionMask = 2147483647;
			files = (
			);
			runOnlyForDeploymentPostprocessing = 0;
		};
		AA000006000000000000006A /* Resources */ = {
			isa = PBXResourcesBuildPhase;
			buildActionMask = 2147483647;
			files = (
			);
			runOnlyForDeploymentPostprocessing = 0;
		};
/* End PBXResourcesBuildPhase section */

/* Begin PBXShellScriptBuildPhase section */
		CC000002000000000000002C /* Validate App Package */ = {
			isa = PBXShellScriptBuildPhase;
			alwaysOutOfDate = 1;
			buildActionMask = 2147483647;
			files = (
			);
			inputPaths = (
				"$(SRCROOT)/../scripts/ci/verify_entitlements.sh",
				"$(SRCROOT)/../scripts/ci/validate_mcp_server.py",
				"$(SRCROOT)/Upmarket.xcodeproj/project.pbxproj",
				"$(SRCROOT)/Upmarket/Upmarket.entitlements",
				"$(SRCROOT)/UpmarketQuickActionSupport/UpmarketQuickAction.entitlements",
				"$(SRCROOT)/UpmarketCLI/UpmarketCLI.entitlements",
				"$(SRCROOT)/UpmarketMCP/UpmarketMCP.entitlements",
				"$(TARGET_BUILD_DIR)/$(WRAPPER_NAME)",
				"$(TARGET_BUILD_DIR)/$(WRAPPER_NAME)/Contents/Info.plist",
				"$(TARGET_BUILD_DIR)/$(WRAPPER_NAME)/Contents/MacOS/Upmarket",
				"$(TARGET_BUILD_DIR)/$(WRAPPER_NAME)/Contents/MacOS/upmarket-cli",
				"$(TARGET_BUILD_DIR)/$(WRAPPER_NAME)/Contents/MacOS/upmarket-mcp",
			);
			name = "Validate App Package";
			outputPaths = (
				"$(TARGET_TEMP_DIR)/upmarket-entitlements.plist",
				"$(TARGET_TEMP_DIR)/upmarket-cli-entitlements.plist",
				"$(TARGET_TEMP_DIR)/upmarket-mcp-entitlements.plist",
			);
			runOnlyForDeploymentPostprocessing = 0;
			shellPath = /bin/sh;
			shellScript = "cd \"$SRCROOT/..\"\nAPP=\"$TARGET_BUILD_DIR/$WRAPPER_NAME\"\nscripts/ci/verify_entitlements.sh \"$APP\"\nscripts/ci/validate_mcp_server.py \"$APP\"\n";
		};
		CC000003000000000000003C /* Stamp Build Metadata */ = {
			isa = PBXShellScriptBuildPhase;
			alwaysOutOfDate = 1;
			buildActionMask = 2147483647;
			files = (
			);
			inputPaths = (
				"$(SRCROOT)/..",
				"$(SRCROOT)/../scripts/build/stamp_build_metadata.sh",
			);
			name = "Stamp Build Metadata";
			outputPaths = (
				"$(TARGET_BUILD_DIR)/$(UNLOCALIZED_RESOURCES_FOLDER_PATH)/BuildMetadata.plist",
			);
			runOnlyForDeploymentPostprocessing = 0;
			shellPath = /bin/sh;
			shellScript = "cd \"$SRCROOT/..\"\n/bin/sh scripts/build/stamp_build_metadata.sh \"$TARGET_BUILD_DIR/$UNLOCALIZED_RESOURCES_FOLDER_PATH/BuildMetadata.plist\"\n";
		};
/* End PBXShellScriptBuildPhase section */

/* Begin PBXSourcesBuildPhase section */
		81A3B7272FCB0F91004A488D /* Sources */ = {
			isa = PBXSourcesBuildPhase;
			buildActionMask = 2147483647;
			files = (
			);
			runOnlyForDeploymentPostprocessing = 0;
		};
		81A3B7342FCB0F91004A488D /* Sources */ = {
			isa = PBXSourcesBuildPhase;
			buildActionMask = 2147483647;
			files = (
			);
			runOnlyForDeploymentPostprocessing = 0;
		};
		81A3B73E2FCB0F91004A488D /* Sources */ = {
			isa = PBXSourcesBuildPhase;
			buildActionMask = 2147483647;
			files = (
			);
			runOnlyForDeploymentPostprocessing = 0;
		};
		81BF221C2FE8E62800BB38F0 /* Sources */ = {
			isa = PBXSourcesBuildPhase;
			buildActionMask = 2147483647;
			files = (
			);
			runOnlyForDeploymentPostprocessing = 0;
		};
		AA000005000000000000005A /* Sources */ = {
			isa = PBXSourcesBuildPhase;
			buildActionMask = 2147483647;
			files = (
			);
			runOnlyForDeploymentPostprocessing = 0;
		};
		DD00000D00000000000000DD /* Sources */ = {
			isa = PBXSourcesBuildPhase;
			buildActionMask = 2147483647;
			files = (
			);
			runOnlyForDeploymentPostprocessing = 0;
		};
		EE00000D00000000000000DE /* Sources */ = {
			isa = PBXSourcesBuildPhase;
			buildActionMask = 2147483647;
			files = (
			);
			runOnlyForDeploymentPostprocessing = 0;
		};
/* End PBXSourcesBuildPhase section */

/* Begin PBXTargetDependency section */
		81A3B73A2FCB0F91004A488D /* PBXTargetDependency */ = {
			isa = PBXTargetDependency;
			target = 81A3B72A2FCB0F91004A488D /* Upmarket */;
			targetProxy = 81A3B7392FCB0F91004A488D /* PBXContainerItemProxy */;
		};
		81A3B7442FCB0F91004A488D /* PBXTargetDependency */ = {
			isa = PBXTargetDependency;
			target = 81A3B72A2FCB0F91004A488D /* Upmarket */;
			targetProxy = 81A3B7432FCB0F91004A488D /* PBXContainerItemProxy */;
		};
		81BF22272FE8E62800BB38F0 /* PBXTargetDependency */ = {
			isa = PBXTargetDependency;
			target = 81BF221F2FE8E62800BB38F0 /* UpmarketBackgroundAssetsExtension */;
			targetProxy = 81BF22262FE8E62800BB38F0 /* PBXContainerItemProxy */;
		};
		AA00000C00000000000000CA /* PBXTargetDependency */ = {
			isa = PBXTargetDependency;
			target = AA000004000000000000004A /* UpmarketQuickAction */;
			targetProxy = AA00000B00000000000000BA /* PBXContainerItemProxy */;
		};
		EE000012000000000000012E /* PBXTargetDependency */ = {
			isa = PBXTargetDependency;
			target = DD000006000000000000006D /* UpmarketCLI */;
			targetProxy = EE000011000000000000011E /* PBXContainerItemProxy */;
		};
		EE000014000000000000014E /* PBXTargetDependency */ = {
			isa = PBXTargetDependency;
			target = EE000006000000000000006E /* upmarket-mcp */;
			targetProxy = EE000013000000000000013E /* PBXContainerItemProxy */;
		};
/* End PBXTargetDependency section */

/* Begin XCBuildConfiguration section */
		81A3B74A2FCB0F91004A488D /* Debug */ = {
			isa = XCBuildConfiguration;
			buildSettings = {
				ALWAYS_SEARCH_USER_PATHS = NO;
				ARCHS = arm64;
				ASSETCATALOG_COMPILER_GENERATE_SWIFT_ASSET_SYMBOL_EXTENSIONS = YES;
				CLANG_ANALYZER_NONNULL = YES;
				CLANG_ANALYZER_NUMBER_OBJECT_CONVERSION = YES_AGGRESSIVE;
				CLANG_CXX_LANGUAGE_STANDARD = "gnu++20";
				CLANG_ENABLE_MODULES = YES;
				CLANG_ENABLE_OBJC_ARC = YES;
				CLANG_ENABLE_OBJC_WEAK = YES;
				CLANG_WARN_BLOCK_CAPTURE_AUTORELEASING = YES;
				CLANG_WARN_BOOL_CONVERSION = YES;
				CLANG_WARN_COMMA = YES;
				CLANG_WARN_CONSTANT_CONVERSION = YES;
				CLANG_WARN_DEPRECATED_OBJC_IMPLEMENTATIONS = YES;
				CLANG_WARN_DIRECT_OBJC_ISA_USAGE = YES_ERROR;
				CLANG_WARN_DOCUMENTATION_COMMENTS = YES;
				CLANG_WARN_EMPTY_BODY = YES;
				CLANG_WARN_ENUM_CONVERSION = YES;
				CLANG_WARN_INFINITE_RECURSION = YES;
				CLANG_WARN_INT_CONVERSION = YES;
				CLANG_WARN_NON_LITERAL_NULL_CONVERSION = YES;
				CLANG_WARN_OBJC_IMPLICIT_RETAIN_SELF = YES;
				CLANG_WARN_OBJC_LITERAL_CONVERSION = YES;
				CLANG_WARN_OBJC_ROOT_CLASS = YES_ERROR;
				CLANG_WARN_QUOTED_INCLUDE_IN_FRAMEWORK_HEADER = YES;
				CLANG_WARN_RANGE_LOOP_ANALYSIS = YES;
				CLANG_WARN_STRICT_PROTOTYPES = YES;
				CLANG_WARN_SUSPICIOUS_MOVE = YES;
				CLANG_WARN_UNGUARDED_AVAILABILITY = YES_AGGRESSIVE;
				CLANG_WARN_UNREACHABLE_CODE = YES;
				CLANG_WARN__DUPLICATE_METHOD_MATCH = YES;
				COPY_PHASE_STRIP = NO;
				DEBUG_INFORMATION_FORMAT = dwarf;
				ENABLE_STRICT_OBJC_MSGSEND = YES;
				ENABLE_TESTABILITY = YES;
				ENABLE_USER_SCRIPT_SANDBOXING = YES;
				GCC_C_LANGUAGE_STANDARD = gnu17;
				GCC_DYNAMIC_NO_PIC = NO;
				GCC_NO_COMMON_BLOCKS = YES;
				GCC_OPTIMIZATION_LEVEL = 0;
				GCC_PREPROCESSOR_DEFINITIONS = (
					"DEBUG=1",
					"$(inherited)",
				);
				GCC_WARN_64_TO_32_BIT_CONVERSION = YES;
				GCC_WARN_ABOUT_RETURN_TYPE = YES_ERROR;
				GCC_WARN_UNDECLARED_SELECTOR = YES;
				GCC_WARN_UNINITIALIZED_AUTOS = YES_AGGRESSIVE;
				GCC_WARN_UNUSED_FUNCTION = YES;
				GCC_WARN_UNUSED_VARIABLE = YES;
				LOCALIZATION_PREFERS_STRING_CATALOGS = YES;
				MACOSX_DEPLOYMENT_TARGET = 26.0;
				MTL_ENABLE_DEBUG_INFO = INCLUDE_SOURCE;
				MTL_FAST_MATH = YES;
				ONLY_ACTIVE_ARCH = YES;
				SDKROOT = macosx;
				SWIFT_ACTIVE_COMPILATION_CONDITIONS = "DEBUG $(inherited)";
				SWIFT_OPTIMIZATION_LEVEL = "-Onone";
			};
			name = Debug;
		};
		81A3B74B2FCB0F91004A488D /* Release */ = {
			isa = XCBuildConfiguration;
			buildSettings = {
				ALWAYS_SEARCH_USER_PATHS = NO;
				ARCHS = arm64;
				ASSETCATALOG_COMPILER_GENERATE_SWIFT_ASSET_SYMBOL_EXTENSIONS = YES;
				CLANG_ANALYZER_NONNULL = YES;
				CLANG_ANALYZER_NUMBER_OBJECT_CONVERSION = YES_AGGRESSIVE;
				CLANG_CXX_LANGUAGE_STANDARD = "gnu++20";
				CLANG_ENABLE_MODULES = YES;
				CLANG_ENABLE_OBJC_ARC = YES;
				CLANG_ENABLE_OBJC_WEAK = YES;
				CLANG_WARN_BLOCK_CAPTURE_AUTORELEASING = YES;
				CLANG_WARN_BOOL_CONVERSION = YES;
				CLANG_WARN_COMMA = YES;
				CLANG_WARN_CONSTANT_CONVERSION = YES;
				CLANG_WARN_DEPRECATED_OBJC_IMPLEMENTATIONS = YES;
				CLANG_WARN_DIRECT_OBJC_ISA_USAGE = YES_ERROR;
				CLANG_WARN_DOCUMENTATION_COMMENTS = YES;
				CLANG_WARN_EMPTY_BODY = YES;
				CLANG_WARN_ENUM_CONVERSION = YES;
				CLANG_WARN_INFINITE_RECURSION = YES;
				CLANG_WARN_INT_CONVERSION = YES;
				CLANG_WARN_NON_LITERAL_NULL_CONVERSION = YES;
				CLANG_WARN_OBJC_IMPLICIT_RETAIN_SELF = YES;
				CLANG_WARN_OBJC_LITERAL_CONVERSION = YES;
				CLANG_WARN_OBJC_ROOT_CLASS = YES_ERROR;
				CLANG_WARN_QUOTED_INCLUDE_IN_FRAMEWORK_HEADER = YES;
				CLANG_WARN_RANGE_LOOP_ANALYSIS = YES;
				CLANG_WARN_STRICT_PROTOTYPES = YES;
				CLANG_WARN_SUSPICIOUS_MOVE = YES;
				CLANG_WARN_UNGUARDED_AVAILABILITY = YES_AGGRESSIVE;
				CLANG_WARN_UNREACHABLE_CODE = YES;
				CLANG_WARN__DUPLICATE_METHOD_MATCH = YES;
				COPY_PHASE_STRIP = NO;
				DEBUG_INFORMATION_FORMAT = "dwarf-with-dsym";
				ENABLE_NS_ASSERTIONS = NO;
				ENABLE_STRICT_OBJC_MSGSEND = YES;
				ENABLE_USER_SCRIPT_SANDBOXING = YES;
				GCC_C_LANGUAGE_STANDARD = gnu17;
				GCC_NO_COMMON_BLOCKS = YES;
				GCC_WARN_64_TO_32_BIT_CONVERSION = YES;
				GCC_WARN_ABOUT_RETURN_TYPE = YES_ERROR;
				GCC_WARN_UNDECLARED_SELECTOR = YES;
				GCC_WARN_UNINITIALIZED_AUTOS = YES_AGGRESSIVE;
				GCC_WARN_UNUSED_FUNCTION = YES;
				GCC_WARN_UNUSED_VARIABLE = YES;
				LOCALIZATION_PREFERS_STRING_CATALOGS = YES;
				MACOSX_DEPLOYMENT_TARGET = 26.0;
				MTL_ENABLE_DEBUG_INFO = NO;
				MTL_FAST_MATH = YES;
				SDKROOT = macosx;
				SWIFT_COMPILATION_MODE = wholemodule;
			};
			name = Release;
		};
		81A3B74D2FCB0F91004A488D /* Debug */ = {
			isa = XCBuildConfiguration;
			buildSettings = {
				ARCHS = arm64;
				ASSETCATALOG_COMPILER_APPICON_NAME = AppIcon;
				ASSETCATALOG_COMPILER_GLOBAL_ACCENT_COLOR_NAME = AccentColor;
				ASSETCATALOG_COMPILER_INCLUDE_ALL_APPICON_ASSETS = NO;
				CODE_SIGN_ENTITLEMENTS = Upmarket/Upmarket.entitlements;
				CODE_SIGN_IDENTITY = "Apple Development";
				CODE_SIGN_STYLE = Automatic;
				COMBINE_HIDPI_IMAGES = YES;
				CURRENT_PROJECT_VERSION = 1;
				DEFINES_MODULE = YES;
				DEVELOPMENT_TEAM = Q54Q5726NT;
				ENABLE_APP_SANDBOX = YES;
				ENABLE_INCOMING_NETWORK_CONNECTIONS = NO;
				ENABLE_OUTGOING_NETWORK_CONNECTIONS = YES;
				ENABLE_PREVIEWS = YES;
				ENABLE_RESOURCE_ACCESS_AUDIO_INPUT = NO;
				ENABLE_RESOURCE_ACCESS_BLUETOOTH = NO;
				ENABLE_RESOURCE_ACCESS_CALENDARS = NO;
				ENABLE_RESOURCE_ACCESS_CAMERA = NO;
				ENABLE_RESOURCE_ACCESS_CONTACTS = NO;
				ENABLE_RESOURCE_ACCESS_LOCATION = NO;
				ENABLE_RESOURCE_ACCESS_PRINTING = NO;
				ENABLE_RESOURCE_ACCESS_USB = NO;
				ENABLE_USER_SELECTED_FILES = readonly;
				EXCLUDED_ARCHS = "";
				EXCLUDED_SOURCE_FILE_NAMES = Info.plist;
				GENERATE_INFOPLIST_FILE = NO;
				INFOPLIST_FILE = Upmarket/Info.plist;
				LD_RUNPATH_SEARCH_PATHS = (
					"$(inherited)",
					"@executable_path/../Frameworks",
				);
				MACOSX_DEPLOYMENT_TARGET = 26.0;
				MARKETING_VERSION = 1.0;
				PRODUCT_BUNDLE_IDENTIFIER = com.upmarket.app;
				PRODUCT_NAME = "$(TARGET_NAME)";
				PROVISIONING_PROFILE_SPECIFIER = "";
				REGISTER_APP_GROUPS = YES;
				STRING_CATALOG_GENERATE_SYMBOLS = YES;
				SWIFT_APPROACHABLE_CONCURRENCY = YES;
				SWIFT_DEFAULT_ACTOR_ISOLATION = MainActor;
				SWIFT_EMIT_LOC_STRINGS = YES;
				SWIFT_UPCOMING_FEATURE_MEMBER_IMPORT_VISIBILITY = YES;
				SWIFT_VERSION = 5.0;
				UPMARKET_CLOUDKIT_ENVIRONMENT = Development;
			};
			name = Debug;
		};
		81A3B74E2FCB0F91004A488D /* Release */ = {
			isa = XCBuildConfiguration;
			buildSettings = {
				ARCHS = arm64;
				ASSETCATALOG_COMPILER_APPICON_NAME = AppIcon;
				ASSETCATALOG_COMPILER_GLOBAL_ACCENT_COLOR_NAME = AccentColor;
				ASSETCATALOG_COMPILER_INCLUDE_ALL_APPICON_ASSETS = NO;
				CODE_SIGN_ENTITLEMENTS = Upmarket/Upmarket.entitlements;
				CODE_SIGN_IDENTITY = "Apple Development";
				CODE_SIGN_STYLE = Automatic;
				COMBINE_HIDPI_IMAGES = YES;
				CURRENT_PROJECT_VERSION = 1;
				DEFINES_MODULE = YES;
				DEVELOPMENT_TEAM = Q54Q5726NT;
				ENABLE_APP_SANDBOX = YES;
				ENABLE_INCOMING_NETWORK_CONNECTIONS = NO;
				ENABLE_OUTGOING_NETWORK_CONNECTIONS = YES;
				ENABLE_PREVIEWS = YES;
				ENABLE_RESOURCE_ACCESS_AUDIO_INPUT = NO;
				ENABLE_RESOURCE_ACCESS_BLUETOOTH = NO;
				ENABLE_RESOURCE_ACCESS_CALENDARS = NO;
				ENABLE_RESOURCE_ACCESS_CAMERA = NO;
				ENABLE_RESOURCE_ACCESS_CONTACTS = NO;
				ENABLE_RESOURCE_ACCESS_LOCATION = NO;
				ENABLE_RESOURCE_ACCESS_PRINTING = NO;
				ENABLE_RESOURCE_ACCESS_USB = NO;
				ENABLE_USER_SELECTED_FILES = readonly;
				EXCLUDED_ARCHS = "";
				EXCLUDED_SOURCE_FILE_NAMES = Info.plist;
				GENERATE_INFOPLIST_FILE = NO;
				INFOPLIST_FILE = Upmarket/Info.plist;
				LD_RUNPATH_SEARCH_PATHS = (
					"$(inherited)",
					"@executable_path/../Frameworks",
				);
				MACOSX_DEPLOYMENT_TARGET = 26.0;
				MARKETING_VERSION = 1.0;
				PRODUCT_BUNDLE_IDENTIFIER = com.upmarket.app;
				PRODUCT_NAME = "$(TARGET_NAME)";
				PROVISIONING_PROFILE_SPECIFIER = "";
				REGISTER_APP_GROUPS = YES;
				STRING_CATALOG_GENERATE_SYMBOLS = YES;
				SWIFT_APPROACHABLE_CONCURRENCY = YES;
				SWIFT_DEFAULT_ACTOR_ISOLATION = MainActor;
				SWIFT_EMIT_LOC_STRINGS = YES;
				SWIFT_UPCOMING_FEATURE_MEMBER_IMPORT_VISIBILITY = YES;
				SWIFT_VERSION = 5.0;
				UPMARKET_CLOUDKIT_ENVIRONMENT = Production;
			};
			name = Release;
		};
		81A3B7502FCB0F91004A488D /* Debug */ = {
			isa = XCBuildConfiguration;
			buildSettings = {
				BUNDLE_LOADER = "$(TEST_HOST)";
				CODE_SIGN_STYLE = Automatic;
				CURRENT_PROJECT_VERSION = 1;
				DEVELOPMENT_TEAM = Q54Q5726NT;
				GENERATE_INFOPLIST_FILE = YES;
				LD_RUNPATH_SEARCH_PATHS = (
					"$(inherited)",
					"@executable_path",
					"@loader_path/../Frameworks",
				);
				MACOSX_DEPLOYMENT_TARGET = 26.0;
				MARKETING_VERSION = 1.0;
				PRODUCT_BUNDLE_IDENTIFIER = com.upmarket.UpmarketTests;
				PRODUCT_NAME = "$(TARGET_NAME)";
				STRING_CATALOG_GENERATE_SYMBOLS = NO;
				SWIFT_APPROACHABLE_CONCURRENCY = YES;
				SWIFT_EMIT_LOC_STRINGS = NO;
				SWIFT_INCLUDE_PATHS = "$(inherited) $(OBJROOT)/Upmarket.build/$(CONFIGURATION)/Upmarket.build/Objects-normal/arm64 $(OBJROOT)/Upmarket.build/$(CONFIGURATION)/Upmarket.build/Objects-normal/x86_64";
				SWIFT_UPCOMING_FEATURE_MEMBER_IMPORT_VISIBILITY = YES;
				SWIFT_VERSION = 5.0;
				TEST_HOST = "$(BUILT_PRODUCTS_DIR)/Upmarket.app/$(BUNDLE_EXECUTABLE_FOLDER_PATH)/Upmarket";
			};
			name = Debug;
		};
		81A3B7512FCB0F91004A488D /* Release */ = {
			isa = XCBuildConfiguration;
			buildSettings = {
				BUNDLE_LOADER = "$(TEST_HOST)";
				CODE_SIGN_STYLE = Automatic;
				CURRENT_PROJECT_VERSION = 1;
				DEVELOPMENT_TEAM = Q54Q5726NT;
				GENERATE_INFOPLIST_FILE = YES;
				LD_RUNPATH_SEARCH_PATHS = (
					"$(inherited)",
					"@executable_path",
					"@loader_path/../Frameworks",
				);
				MACOSX_DEPLOYMENT_TARGET = 26.0;
				MARKETING_VERSION = 1.0;
				PRODUCT_BUNDLE_IDENTIFIER = com.upmarket.UpmarketTests;
				PRODUCT_NAME = "$(TARGET_NAME)";
				STRING_CATALOG_GENERATE_SYMBOLS = NO;
				SWIFT_APPROACHABLE_CONCURRENCY = YES;
				SWIFT_EMIT_LOC_STRINGS = NO;
				SWIFT_INCLUDE_PATHS = "$(inherited) $(OBJROOT)/Upmarket.build/$(CONFIGURATION)/Upmarket.build/Objects-normal/arm64 $(OBJROOT)/Upmarket.build/$(CONFIGURATION)/Upmarket.build/Objects-normal/x86_64";
				SWIFT_UPCOMING_FEATURE_MEMBER_IMPORT_VISIBILITY = YES;
				SWIFT_VERSION = 5.0;
				TEST_HOST = "$(BUILT_PRODUCTS_DIR)/Upmarket.app/$(BUNDLE_EXECUTABLE_FOLDER_PATH)/Upmarket";
			};
			name = Release;
		};
		81A3B7532FCB0F91004A488D /* Debug */ = {
			isa = XCBuildConfiguration;
			buildSettings = {
				CODE_SIGN_STYLE = Automatic;
				CURRENT_PROJECT_VERSION = 1;
				DEVELOPMENT_TEAM = Q54Q5726NT;
				GENERATE_INFOPLIST_FILE = YES;
				MACOSX_DEPLOYMENT_TARGET = 26.0;
				MARKETING_VERSION = 1.0;
				PRODUCT_BUNDLE_IDENTIFIER = com.upmarket.UpmarketUITests;
				PRODUCT_NAME = "$(TARGET_NAME)";
				STRING_CATALOG_GENERATE_SYMBOLS = NO;
				SWIFT_APPROACHABLE_CONCURRENCY = YES;
				SWIFT_EMIT_LOC_STRINGS = NO;
				SWIFT_UPCOMING_FEATURE_MEMBER_IMPORT_VISIBILITY = YES;
				SWIFT_VERSION = 5.0;
				TEST_TARGET_NAME = Upmarket;
			};
			name = Debug;
		};
		81A3B7542FCB0F91004A488D /* Release */ = {
			isa = XCBuildConfiguration;
			buildSettings = {
				CODE_SIGN_STYLE = Automatic;
				CURRENT_PROJECT_VERSION = 1;
				DEVELOPMENT_TEAM = Q54Q5726NT;
				GENERATE_INFOPLIST_FILE = YES;
				MACOSX_DEPLOYMENT_TARGET = 26.0;
				MARKETING_VERSION = 1.0;
				PRODUCT_BUNDLE_IDENTIFIER = com.upmarket.UpmarketUITests;
				PRODUCT_NAME = "$(TARGET_NAME)";
				STRING_CATALOG_GENERATE_SYMBOLS = NO;
				SWIFT_APPROACHABLE_CONCURRENCY = YES;
				SWIFT_EMIT_LOC_STRINGS = NO;
				SWIFT_UPCOMING_FEATURE_MEMBER_IMPORT_VISIBILITY = YES;
				SWIFT_VERSION = 5.0;
				TEST_TARGET_NAME = Upmarket;
			};
			name = Release;
		};
		81BF222A2FE8E62800BB38F0 /* Debug */ = {
			isa = XCBuildConfiguration;
			buildSettings = {
				CODE_SIGN_ENTITLEMENTS = UpmarketBackgroundAssetsExtension/UpmarketBackgroundAssetsExtension.entitlements;
				CODE_SIGN_IDENTITY = "Apple Development";
				CODE_SIGN_STYLE = Automatic;
				CURRENT_PROJECT_VERSION = 1;
				DEVELOPMENT_TEAM = Q54Q5726NT;
				ENABLE_APP_SANDBOX = YES;
				ENABLE_HARDENED_RUNTIME = YES;
				GENERATE_INFOPLIST_FILE = YES;
				INFOPLIST_FILE = UpmarketBackgroundAssetsExtension/Info.plist;
				INFOPLIST_KEY_CFBundleDisplayName = UpmarketBackgroundAssetsExtension;
				INFOPLIST_KEY_NSHumanReadableCopyright = "";
				LD_RUNPATH_SEARCH_PATHS = (
					"$(inherited)",
					"@executable_path/../Frameworks",
					"@executable_path/../../../../Frameworks",
				);
				MACOSX_DEPLOYMENT_TARGET = 26.0;
				MARKETING_VERSION = 1.0;
				PRODUCT_BUNDLE_IDENTIFIER = com.upmarket.app.background-assets;
				PRODUCT_NAME = "$(TARGET_NAME)";
				SKIP_INSTALL = YES;
				STRING_CATALOG_GENERATE_SYMBOLS = YES;
				SWIFT_APPROACHABLE_CONCURRENCY = YES;
				SWIFT_EMIT_LOC_STRINGS = YES;
				SWIFT_UPCOMING_FEATURE_MEMBER_IMPORT_VISIBILITY = YES;
				SWIFT_VERSION = 5.0;
			};
			name = Debug;
		};
		81BF222B2FE8E62800BB38F0 /* Release */ = {
			isa = XCBuildConfiguration;
			buildSettings = {
				CODE_SIGN_ENTITLEMENTS = UpmarketBackgroundAssetsExtension/UpmarketBackgroundAssetsExtension.entitlements;
				CODE_SIGN_IDENTITY = "Apple Development";
				CODE_SIGN_STYLE = Automatic;
				CURRENT_PROJECT_VERSION = 1;
				DEVELOPMENT_TEAM = Q54Q5726NT;
				ENABLE_APP_SANDBOX = YES;
				ENABLE_HARDENED_RUNTIME = YES;
				GENERATE_INFOPLIST_FILE = YES;
				INFOPLIST_FILE = UpmarketBackgroundAssetsExtension/Info.plist;
				INFOPLIST_KEY_CFBundleDisplayName = UpmarketBackgroundAssetsExtension;
				INFOPLIST_KEY_NSHumanReadableCopyright = "";
				LD_RUNPATH_SEARCH_PATHS = (
					"$(inherited)",
					"@executable_path/../Frameworks",
					"@executable_path/../../../../Frameworks",
				);
				MACOSX_DEPLOYMENT_TARGET = 26.0;
				MARKETING_VERSION = 1.0;
				PRODUCT_BUNDLE_IDENTIFIER = com.upmarket.app.background-assets;
				PRODUCT_NAME = "$(TARGET_NAME)";
				SKIP_INSTALL = YES;
				STRING_CATALOG_GENERATE_SYMBOLS = YES;
				SWIFT_APPROACHABLE_CONCURRENCY = YES;
				SWIFT_EMIT_LOC_STRINGS = YES;
				SWIFT_UPCOMING_FEATURE_MEMBER_IMPORT_VISIBILITY = YES;
				SWIFT_VERSION = 5.0;
			};
			name = Release;
		};
		AA000008000000000000008A /* Debug */ = {
			isa = XCBuildConfiguration;
			buildSettings = {
				CODE_SIGN_ENTITLEMENTS = UpmarketQuickActionSupport/UpmarketQuickAction.entitlements;
				CODE_SIGN_STYLE = Automatic;
				CURRENT_PROJECT_VERSION = 1;
				DEVELOPMENT_TEAM = Q54Q5726NT;
				INFOPLIST_FILE = UpmarketQuickActionSupport/Info.plist;
				MACOSX_DEPLOYMENT_TARGET = 26.0;
				MARKETING_VERSION = 1.0;
				PRODUCT_BUNDLE_IDENTIFIER = com.upmarket.app.quickaction;
				PRODUCT_NAME = "$(TARGET_NAME)";
				SKIP_INSTALL = YES;
				SWIFT_VERSION = 5.0;
			};
			name = Debug;
		};
		AA000009000000000000009A /* Release */ = {
			isa = XCBuildConfiguration;
			buildSettings = {
				CODE_SIGN_ENTITLEMENTS = UpmarketQuickActionSupport/UpmarketQuickAction.entitlements;
				CODE_SIGN_STYLE = Automatic;
				CURRENT_PROJECT_VERSION = 1;
				DEVELOPMENT_TEAM = Q54Q5726NT;
				INFOPLIST_FILE = UpmarketQuickActionSupport/Info.plist;
				MACOSX_DEPLOYMENT_TARGET = 26.0;
				MARKETING_VERSION = 1.0;
				PRODUCT_BUNDLE_IDENTIFIER = com.upmarket.app.quickaction;
				PRODUCT_NAME = "$(TARGET_NAME)";
				SKIP_INSTALL = YES;
				SWIFT_VERSION = 5.0;
			};
			name = Release;
		};
		DD00000E00000000000000ED /* Debug */ = {
			isa = XCBuildConfiguration;
			buildSettings = {
				CODE_SIGN_ENTITLEMENTS = UpmarketCLI/UpmarketCLI.entitlements;
				CODE_SIGN_STYLE = Automatic;
				CREATE_INFOPLIST_SECTION_IN_BINARY = YES;
				CURRENT_PROJECT_VERSION = 1;
				DEVELOPMENT_TEAM = Q54Q5726NT;
				ENABLE_APP_SANDBOX = NO;
				GENERATE_INFOPLIST_FILE = YES;
				MACOSX_DEPLOYMENT_TARGET = 26.0;
				MARKETING_VERSION = 1.0;
				PRODUCT_BUNDLE_IDENTIFIER = com.upmarket.app.cli;
				PRODUCT_NAME = "upmarket-cli";
				REGISTER_APP_GROUPS = YES;
				SKIP_INSTALL = YES;
				SWIFT_APPROACHABLE_CONCURRENCY = YES;
				SWIFT_EMIT_LOC_STRINGS = NO;
				SWIFT_UPCOMING_FEATURE_MEMBER_IMPORT_VISIBILITY = YES;
				SWIFT_VERSION = 5.0;
			};
			name = Debug;
		};
		DD00000F00000000000000FD /* Release */ = {
			isa = XCBuildConfiguration;
			buildSettings = {
				CODE_SIGN_ENTITLEMENTS = UpmarketCLI/UpmarketCLI.entitlements;
				CODE_SIGN_STYLE = Automatic;
				CREATE_INFOPLIST_SECTION_IN_BINARY = YES;
				CURRENT_PROJECT_VERSION = 1;
				DEVELOPMENT_TEAM = Q54Q5726NT;
				ENABLE_APP_SANDBOX = NO;
				GENERATE_INFOPLIST_FILE = YES;
				MACOSX_DEPLOYMENT_TARGET = 26.0;
				MARKETING_VERSION = 1.0;
				PRODUCT_BUNDLE_IDENTIFIER = com.upmarket.app.cli;
				PRODUCT_NAME = "upmarket-cli";
				REGISTER_APP_GROUPS = YES;
				SKIP_INSTALL = YES;
				SWIFT_APPROACHABLE_CONCURRENCY = YES;
				SWIFT_EMIT_LOC_STRINGS = NO;
				SWIFT_UPCOMING_FEATURE_MEMBER_IMPORT_VISIBILITY = YES;
				SWIFT_VERSION = 5.0;
			};
			name = Release;
		};
		EE00000E00000000000000EE /* Debug */ = {
			isa = XCBuildConfiguration;
			buildSettings = {
				CODE_SIGN_ENTITLEMENTS = UpmarketMCP/UpmarketMCP.entitlements;
				CODE_SIGN_STYLE = Automatic;
				CREATE_INFOPLIST_SECTION_IN_BINARY = YES;
				CURRENT_PROJECT_VERSION = 1;
				DEVELOPMENT_TEAM = Q54Q5726NT;
				ENABLE_APP_SANDBOX = NO;
				GENERATE_INFOPLIST_FILE = YES;
				MACOSX_DEPLOYMENT_TARGET = 26.0;
				MARKETING_VERSION = 1.0;
				PRODUCT_BUNDLE_IDENTIFIER = com.upmarket.app.mcp;
				PRODUCT_NAME = "upmarket-mcp";
				REGISTER_APP_GROUPS = YES;
				SKIP_INSTALL = YES;
				SWIFT_APPROACHABLE_CONCURRENCY = YES;
				SWIFT_EMIT_LOC_STRINGS = NO;
				SWIFT_UPCOMING_FEATURE_MEMBER_IMPORT_VISIBILITY = YES;
				SWIFT_VERSION = 5.0;
			};
			name = Debug;
		};
		EE00000F00000000000000FE /* Release */ = {
			isa = XCBuildConfiguration;
			buildSettings = {
				CODE_SIGN_ENTITLEMENTS = UpmarketMCP/UpmarketMCP.entitlements;
				CODE_SIGN_STYLE = Automatic;
				CREATE_INFOPLIST_SECTION_IN_BINARY = YES;
				CURRENT_PROJECT_VERSION = 1;
				DEVELOPMENT_TEAM = Q54Q5726NT;
				ENABLE_APP_SANDBOX = NO;
				GENERATE_INFOPLIST_FILE = YES;
				MACOSX_DEPLOYMENT_TARGET = 26.0;
				MARKETING_VERSION = 1.0;
				PRODUCT_BUNDLE_IDENTIFIER = com.upmarket.app.mcp;
				PRODUCT_NAME = "upmarket-mcp";
				REGISTER_APP_GROUPS = YES;
				SKIP_INSTALL = YES;
				SWIFT_APPROACHABLE_CONCURRENCY = YES;
				SWIFT_EMIT_LOC_STRINGS = NO;
				SWIFT_UPCOMING_FEATURE_MEMBER_IMPORT_VISIBILITY = YES;
				SWIFT_VERSION = 5.0;
			};
			name = Release;
		};
/* End XCBuildConfiguration section */

/* Begin XCConfigurationList section */
		81A3B7262FCB0F91004A488D /* Build configuration list for PBXProject "Upmarket" */ = {
			isa = XCConfigurationList;
			buildConfigurations = (
				81A3B74A2FCB0F91004A488D /* Debug */,
				81A3B74B2FCB0F91004A488D /* Release */,
			);
			defaultConfigurationIsVisible = 0;
			defaultConfigurationName = Release;
		};
		81A3B74C2FCB0F91004A488D /* Build configuration list for PBXNativeTarget "Upmarket" */ = {
			isa = XCConfigurationList;
			buildConfigurations = (
				81A3B74D2FCB0F91004A488D /* Debug */,
				81A3B74E2FCB0F91004A488D /* Release */,
			);
			defaultConfigurationIsVisible = 0;
			defaultConfigurationName = Release;
		};
		81A3B74F2FCB0F91004A488D /* Build configuration list for PBXNativeTarget "UpmarketTests" */ = {
			isa = XCConfigurationList;
			buildConfigurations = (
				81A3B7502FCB0F91004A488D /* Debug */,
				81A3B7512FCB0F91004A488D /* Release */,
			);
			defaultConfigurationIsVisible = 0;
			defaultConfigurationName = Release;
		};
		81A3B7522FCB0F91004A488D /* Build configuration list for PBXNativeTarget "UpmarketUITests" */ = {
			isa = XCConfigurationList;
			buildConfigurations = (
				81A3B7532FCB0F91004A488D /* Debug */,
				81A3B7542FCB0F91004A488D /* Release */,
			);
			defaultConfigurationIsVisible = 0;
			defaultConfigurationName = Release;
		};
		81BF222C2FE8E62800BB38F0 /* Build configuration list for PBXNativeTarget "UpmarketBackgroundAssetsExtension" */ = {
			isa = XCConfigurationList;
			buildConfigurations = (
				81BF222A2FE8E62800BB38F0 /* Debug */,
				81BF222B2FE8E62800BB38F0 /* Release */,
			);
			defaultConfigurationIsVisible = 0;
			defaultConfigurationName = Release;
		};
		AA00000A00000000000000AA /* Build configuration list for PBXNativeTarget "UpmarketQuickAction" */ = {
			isa = XCConfigurationList;
			buildConfigurations = (
				AA000008000000000000008A /* Debug */,
				AA000009000000000000009A /* Release */,
			);
			defaultConfigurationIsVisible = 0;
			defaultConfigurationName = Release;
		};
		DD00000A00000000000000AD /* Build configuration list for PBXNativeTarget "UpmarketCLI" */ = {
			isa = XCConfigurationList;
			buildConfigurations = (
				DD00000E00000000000000ED /* Debug */,
				DD00000F00000000000000FD /* Release */,
			);
			defaultConfigurationIsVisible = 0;
			defaultConfigurationName = Release;
		};
		EE00000A00000000000000AE /* Build configuration list for PBXNativeTarget "upmarket-mcp" */ = {
			isa = XCConfigurationList;
			buildConfigurations = (
				EE00000E00000000000000EE /* Debug */,
				EE00000F00000000000000FE /* Release */,
			);
			defaultConfigurationIsVisible = 0;
			defaultConfigurationName = Release;
		};
/* End XCConfigurationList section */

/* Begin XCLocalSwiftPackageReference section */
		81AAFF082FDF0512006AEB11 /* XCLocalSwiftPackageReference "../Vendor/SwiftOfficeMarkdown" */ = {
			isa = XCLocalSwiftPackageReference;
			relativePath = ../Vendor/SwiftOfficeMarkdown;
		};
		DD00000000000000000000A1 /* XCLocalSwiftPackageReference "Vendor/UpmarketVLM" */ = {
			isa = XCLocalSwiftPackageReference;
			relativePath = Vendor/UpmarketVLM;
		};
/* End XCLocalSwiftPackageReference section */

/* Begin XCSwiftPackageProductDependency section */
		81AAFF092FDF0512006AEB11 /* SwiftOfficeMarkdown */ = {
			isa = XCSwiftPackageProductDependency;
			productName = SwiftOfficeMarkdown;
		};
		DD00000000000000000000A2 /* UpmarketVLM */ = {
			isa = XCSwiftPackageProductDependency;
			package = DD00000000000000000000A1 /* XCLocalSwiftPackageReference "Vendor/UpmarketVLM" */;
			productName = UpmarketVLM;
		};
/* End XCSwiftPackageProductDependency section */
	};
	rootObject = 81A3B7232FCB0F91004A488D /* Project object */;
}
